// !$*UTF8*$!
{
	archiveVersion = 1;
	classes = {
	};
	objectVersion = 46;
	objects = {

/* Begin PBXBuildFile section */
		1310B21B1337DDA200495B90 /* KLFetchedResultsSearchData.h in Headers */ = {isa = PBXBuildFile; fileRef = 1310B2191337DDA200495B90 /* KLFetchedResultsSearchData.h */; };
		1310B21C1337DDA200495B90 /* KLFetchedResultsSearchData.m in Sources */ = {isa = PBXBuildFile; fileRef = 1310B21A1337DDA200495B90 /* KLFetchedResultsSearchData.m */; };
		135FE113133A3D4D00359621 /* NSManagedObjectHelpers.h in Headers */ = {isa = PBXBuildFile; fileRef = 135FE111133A3D4D00359621 /* NSManagedObjectHelpers.h */; };
		135FE114133A3D4D00359621 /* NSManagedObjectHelpers.m in Sources */ = {isa = PBXBuildFile; fileRef = 135FE112133A3D4D00359621 /* NSManagedObjectHelpers.m */; };
		135FE171133A6C6800359621 /* KLURLCache.h in Headers */ = {isa = PBXBuildFile; fileRef = 135FE16F133A6C6800359621 /* KLURLCache.h */; };
		135FE172133A6C6800359621 /* KLURLCache.m in Sources */ = {isa = PBXBuildFile; fileRef = 135FE170133A6C6800359621 /* KLURLCache.m */; };
		135FE175133A729900359621 /* KLURLCacheConnection.h in Headers */ = {isa = PBXBuildFile; fileRef = 135FE173133A729700359621 /* KLURLCacheConnection.h */; };
		135FE176133A729900359621 /* KLURLCacheConnection.m in Sources */ = {isa = PBXBuildFile; fileRef = 135FE174133A729800359621 /* KLURLCacheConnection.m */; };
		135FE192133A7C5C00359621 /* KLImageView.h in Headers */ = {isa = PBXBuildFile; fileRef = 135FE190133A7C5C00359621 /* KLImageView.h */; };
		135FE193133A7C5D00359621 /* KLImageView.m in Sources */ = {isa = PBXBuildFile; fileRef = 135FE191133A7C5C00359621 /* KLImageView.m */; };
		135FE196133A9B9A00359621 /* NSString+MD5.h in Headers */ = {isa = PBXBuildFile; fileRef = 135FE194133A9B9A00359621 /* NSString+MD5.h */; };
		135FE197133A9B9A00359621 /* NSString+MD5.m in Sources */ = {isa = PBXBuildFile; fileRef = 135FE195133A9B9A00359621 /* NSString+MD5.m */; };
		135FE199133A9C5000359621 /* Security.framework in Frameworks */ = {isa = PBXBuildFile; fileRef = 135FE198133A9C4F00359621 /* Security.framework */; };
		135FE1CD133D0AB800359621 /* UIColor+HexRGB.h in Headers */ = {isa = PBXBuildFile; fileRef = 135FE1CB133D0AB800359621 /* UIColor+HexRGB.h */; };
		135FE1CE133D0AB800359621 /* UIColor+HexRGB.m in Sources */ = {isa = PBXBuildFile; fileRef = 135FE1CC133D0AB800359621 /* UIColor+HexRGB.m */; };
		137B647F1337A3B4001459F8 /* CDataScanner.h in Headers */ = {isa = PBXBuildFile; fileRef = 137B64671337A3B4001459F8 /* CDataScanner.h */; };
		137B64801337A3B4001459F8 /* CDataScanner.m in Sources */ = {isa = PBXBuildFile; fileRef = 137B64681337A3B4001459F8 /* CDataScanner.m */; };
		137B64811337A3B4001459F8 /* CFilteringJSONSerializer.h in Headers */ = {isa = PBXBuildFile; fileRef = 137B646A1337A3B4001459F8 /* CFilteringJSONSerializer.h */; };
		137B64821337A3B4001459F8 /* CFilteringJSONSerializer.m in Sources */ = {isa = PBXBuildFile; fileRef = 137B646B1337A3B4001459F8 /* CFilteringJSONSerializer.m */; };
		137B64831337A3B4001459F8 /* CJSONDeserializer_BlocksExtensions.h in Headers */ = {isa = PBXBuildFile; fileRef = 137B646C1337A3B4001459F8 /* CJSONDeserializer_BlocksExtensions.h */; };
		137B64841337A3B4001459F8 /* CJSONDeserializer_BlocksExtensions.m in Sources */ = {isa = PBXBuildFile; fileRef = 137B646D1337A3B4001459F8 /* CJSONDeserializer_BlocksExtensions.m */; };
		137B64851337A3B4001459F8 /* CJSONSerialization.h in Headers */ = {isa = PBXBuildFile; fileRef = 137B646E1337A3B4001459F8 /* CJSONSerialization.h */; };
		137B64861337A3B4001459F8 /* CJSONSerialization.m in Sources */ = {isa = PBXBuildFile; fileRef = 137B646F1337A3B4001459F8 /* CJSONSerialization.m */; };
		137B64871337A3B4001459F8 /* CJSONSerializedData.h in Headers */ = {isa = PBXBuildFile; fileRef = 137B64701337A3B4001459F8 /* CJSONSerializedData.h */; };
		137B64881337A3B4001459F8 /* CJSONSerializedData.m in Sources */ = {isa = PBXBuildFile; fileRef = 137B64711337A3B4001459F8 /* CJSONSerializedData.m */; };
		137B64891337A3B4001459F8 /* CDataScanner_Extensions.h in Headers */ = {isa = PBXBuildFile; fileRef = 137B64731337A3B4001459F8 /* CDataScanner_Extensions.h */; };
		137B648A1337A3B4001459F8 /* CDataScanner_Extensions.m in Sources */ = {isa = PBXBuildFile; fileRef = 137B64741337A3B4001459F8 /* CDataScanner_Extensions.m */; };
		137B648B1337A3B4001459F8 /* NSDictionary_JSONExtensions.h in Headers */ = {isa = PBXBuildFile; fileRef = 137B64751337A3B4001459F8 /* NSDictionary_JSONExtensions.h */; };
		137B648C1337A3B4001459F8 /* NSDictionary_JSONExtensions.m in Sources */ = {isa = PBXBuildFile; fileRef = 137B64761337A3B4001459F8 /* NSDictionary_JSONExtensions.m */; };
		137B648D1337A3B4001459F8 /* CJSONDeserializer.h in Headers */ = {isa = PBXBuildFile; fileRef = 137B64781337A3B4001459F8 /* CJSONDeserializer.h */; };
		137B648E1337A3B4001459F8 /* CJSONDeserializer.m in Sources */ = {isa = PBXBuildFile; fileRef = 137B64791337A3B4001459F8 /* CJSONDeserializer.m */; };
		137B648F1337A3B4001459F8 /* CJSONScanner.h in Headers */ = {isa = PBXBuildFile; fileRef = 137B647A1337A3B4001459F8 /* CJSONScanner.h */; };
		137B64901337A3B4001459F8 /* CJSONScanner.m in Sources */ = {isa = PBXBuildFile; fileRef = 137B647B1337A3B4001459F8 /* CJSONScanner.m */; };
		137B64911337A3B4001459F8 /* CJSONSerializer.h in Headers */ = {isa = PBXBuildFile; fileRef = 137B647C1337A3B4001459F8 /* CJSONSerializer.h */; };
		137B64921337A3B4001459F8 /* CJSONSerializer.m in Sources */ = {isa = PBXBuildFile; fileRef = 137B647D1337A3B4001459F8 /* CJSONSerializer.m */; };
		137B64931337A3B4001459F8 /* JSONRepresentation.h in Headers */ = {isa = PBXBuildFile; fileRef = 137B647E1337A3B4001459F8 /* JSONRepresentation.h */; };
		137B64A51337AB77001459F8 /* DataObject.h in Headers */ = {isa = PBXBuildFile; fileRef = 137B64A41337AB77001459F8 /* DataObject.h */; };
		137B64AA1337ABB4001459F8 /* KLTableViewCell.h in Headers */ = {isa = PBXBuildFile; fileRef = 137B64A81337ABB4001459F8 /* KLTableViewCell.h */; };
		137B64AB1337ABB4001459F8 /* KLTableViewCell.m in Sources */ = {isa = PBXBuildFile; fileRef = 137B64A91337ABB4001459F8 /* KLTableViewCell.m */; };
		137B64AF1337AC37001459F8 /* KLTableData.h in Headers */ = {isa = PBXBuildFile; fileRef = 137B64AD1337AC37001459F8 /* KLTableData.h */; };
		137B64B01337AC37001459F8 /* KLTableData.m in Sources */ = {isa = PBXBuildFile; fileRef = 137B64AE1337AC37001459F8 /* KLTableData.m */; };
		137B64B41337AC75001459F8 /* UITableViewCellHelper.h in Headers */ = {isa = PBXBuildFile; fileRef = 137B64B21337AC75001459F8 /* UITableViewCellHelper.h */; };
		137B64B51337AC75001459F8 /* UITableViewCellHelper.m in Sources */ = {isa = PBXBuildFile; fileRef = 137B64B31337AC75001459F8 /* UITableViewCellHelper.m */; };
		137B64B91337AC89001459F8 /* UIViewHelpers.h in Headers */ = {isa = PBXBuildFile; fileRef = 137B64B71337AC89001459F8 /* UIViewHelpers.h */; };
		137B64BA1337AC89001459F8 /* UIViewHelpers.m in Sources */ = {isa = PBXBuildFile; fileRef = 137B64B81337AC89001459F8 /* UIViewHelpers.m */; };
		137B64BE1337ACBE001459F8 /* NSNumberNSNullHelper.h in Headers */ = {isa = PBXBuildFile; fileRef = 137B64BC1337ACBE001459F8 /* NSNumberNSNullHelper.h */; };
		137B64BF1337ACBE001459F8 /* NSNumberNSNullHelper.m in Sources */ = {isa = PBXBuildFile; fileRef = 137B64BD1337ACBE001459F8 /* NSNumberNSNullHelper.m */; };
		1389D77612AC3542004602FF /* keylime.h in Headers */ = {isa = PBXBuildFile; fileRef = 1389D77512AC3542004602FF /* keylime.h */; };
		1389D77A12AC359F004602FF /* KLConstants.h in Headers */ = {isa = PBXBuildFile; fileRef = 1389D77912AC359F004602FF /* KLConstants.h */; };
		1389D79E12AC369F004602FF /* KLCategories.h in Headers */ = {isa = PBXBuildFile; fileRef = 1389D79D12AC369F004602FF /* KLCategories.h */; };
		1389D7A012AC36AB004602FF /* KLViewControllers.h in Headers */ = {isa = PBXBuildFile; fileRef = 1389D79F12AC36AB004602FF /* KLViewControllers.h */; };
		1389D7B612AC3848004602FF /* KLDefines.h in Headers */ = {isa = PBXBuildFile; fileRef = 1389D7B512AC3848004602FF /* KLDefines.h */; };
		1389D7BC12AC390C004602FF /* NSStringNSNullHelper.h in Headers */ = {isa = PBXBuildFile; fileRef = 1389D7B812AC390C004602FF /* NSStringNSNullHelper.h */; };
		1389D7BD12AC390C004602FF /* NSStringNSNullHelper.m in Sources */ = {isa = PBXBuildFile; fileRef = 1389D7B912AC390C004602FF /* NSStringNSNullHelper.m */; };
		1389D7BE12AC390C004602FF /* NSStringKLExtensions.h in Headers */ = {isa = PBXBuildFile; fileRef = 1389D7BA12AC390C004602FF /* NSStringKLExtensions.h */; };
		1389D7BF12AC390C004602FF /* NSStringKLExtensions.m in Sources */ = {isa = PBXBuildFile; fileRef = 1389D7BB12AC390C004602FF /* NSStringKLExtensions.m */; };
		1389D7C212AC3958004602FF /* KLUtilities.h in Headers */ = {isa = PBXBuildFile; fileRef = 1389D7C112AC3958004602FF /* KLUtilities.h */; };
		1389D7F512AC4093004602FF /* KLRefreshTableHeaderView.h in Headers */ = {isa = PBXBuildFile; fileRef = 1389D7F312AC4093004602FF /* KLRefreshTableHeaderView.h */; };
		1389D7F612AC4093004602FF /* KLRefreshTableHeaderView.m in Sources */ = {isa = PBXBuildFile; fileRef = 1389D7F412AC4093004602FF /* KLRefreshTableHeaderView.m */; };
		1389D7FB12AC40AF004602FF /* WebServiceConnectorDelegate.h in Headers */ = {isa = PBXBuildFile; fileRef = 1389D7F812AC40AF004602FF /* WebServiceConnectorDelegate.h */; };
		1389D7FC12AC40AF004602FF /* WebServiceConnector.h in Headers */ = {isa = PBXBuildFile; fileRef = 1389D7F912AC40AF004602FF /* WebServiceConnector.h */; };
		1389D7FD12AC40AF004602FF /* WebServiceConnector.m in Sources */ = {isa = PBXBuildFile; fileRef = 1389D7FA12AC40AF004602FF /* WebServiceConnector.m */; };
		1389D80912AC40CF004602FF /* KLViewController.h in Headers */ = {isa = PBXBuildFile; fileRef = 1389D7FF12AC40CF004602FF /* KLViewController.h */; };
		1389D80A12AC40CF004602FF /* KLViewController.m in Sources */ = {isa = PBXBuildFile; fileRef = 1389D80012AC40CF004602FF /* KLViewController.m */; };
		1389D80B12AC40CF004602FF /* LocationViewController.h in Headers */ = {isa = PBXBuildFile; fileRef = 1389D80212AC40CF004602FF /* LocationViewController.h */; };
		1389D80C12AC40CF004602FF /* LocationViewController.m in Sources */ = {isa = PBXBuildFile; fileRef = 1389D80312AC40CF004602FF /* LocationViewController.m */; };
		1389D80D12AC40CF004602FF /* WebViewController.h in Headers */ = {isa = PBXBuildFile; fileRef = 1389D80612AC40CF004602FF /* WebViewController.h */; };
		1389D80E12AC40CF004602FF /* WebViewController.m in Sources */ = {isa = PBXBuildFile; fileRef = 1389D80712AC40CF004602FF /* WebViewController.m */; };
		1389D81512AC4131004602FF /* AlertUtility.h in Headers */ = {isa = PBXBuildFile; fileRef = 1389D81312AC4131004602FF /* AlertUtility.h */; };
		1389D81612AC4131004602FF /* AlertUtility.m in Sources */ = {isa = PBXBuildFile; fileRef = 1389D81412AC4131004602FF /* AlertUtility.m */; };
		1389D82812AC4296004602FF /* CoreGraphics.framework in Frameworks */ = {isa = PBXBuildFile; fileRef = 1389D82712AC4296004602FF /* CoreGraphics.framework */; };
		1389D82A12AC4296004602FF /* CoreLocation.framework in Frameworks */ = {isa = PBXBuildFile; fileRef = 1389D82912AC4296004602FF /* CoreLocation.framework */; };
		1389D82C12AC4296004602FF /* MapKit.framework in Frameworks */ = {isa = PBXBuildFile; fileRef = 1389D82B12AC4296004602FF /* MapKit.framework */; };
		1389D82E12AC4296004602FF /* MessageUI.framework in Frameworks */ = {isa = PBXBuildFile; fileRef = 1389D82D12AC4296004602FF /* MessageUI.framework */; };
		1389D83012AC4296004602FF /* QuartzCore.framework in Frameworks */ = {isa = PBXBuildFile; fileRef = 1389D82F12AC4296004602FF /* QuartzCore.framework */; };
		138CB3DE12BAA27300DF8EF4 /* UIImageKLExtensions.h in Headers */ = {isa = PBXBuildFile; fileRef = 138CB3DC12BAA27300DF8EF4 /* UIImageKLExtensions.h */; };
		138CB3DF12BAA27300DF8EF4 /* UIImageKLExtensions.m in Sources */ = {isa = PBXBuildFile; fileRef = 138CB3DD12BAA27300DF8EF4 /* UIImageKLExtensions.m */; };
		AA747D9F0F9514B9006C5449 /* keylime_Prefix.pch in Headers */ = {isa = PBXBuildFile; fileRef = AA747D9E0F9514B9006C5449 /* keylime_Prefix.pch */; };
		AACBBE4A0F95108600F1A2B1 /* Foundation.framework in Frameworks */ = {isa = PBXBuildFile; fileRef = AACBBE490F95108600F1A2B1 /* Foundation.framework */; };
/* End PBXBuildFile section */

/* Begin PBXFileReference section */
		1310B2191337DDA200495B90 /* KLFetchedResultsSearchData.h */ = {isa = PBXFileReference; fileEncoding = 4; lastKnownFileType = sourcecode.c.h; path = KLFetchedResultsSearchData.h; sourceTree = "<group>"; };
		1310B21A1337DDA200495B90 /* KLFetchedResultsSearchData.m */ = {isa = PBXFileReference; fileEncoding = 4; lastKnownFileType = sourcecode.c.objc; path = KLFetchedResultsSearchData.m; sourceTree = "<group>"; };
		135FE111133A3D4D00359621 /* NSManagedObjectHelpers.h */ = {isa = PBXFileReference; fileEncoding = 4; lastKnownFileType = sourcecode.c.h; path = NSManagedObjectHelpers.h; sourceTree = "<group>"; };
		135FE112133A3D4D00359621 /* NSManagedObjectHelpers.m */ = {isa = PBXFileReference; fileEncoding = 4; lastKnownFileType = sourcecode.c.objc; path = NSManagedObjectHelpers.m; sourceTree = "<group>"; };
		135FE16F133A6C6800359621 /* KLURLCache.h */ = {isa = PBXFileReference; fileEncoding = 4; lastKnownFileType = sourcecode.c.h; path = KLURLCache.h; sourceTree = "<group>"; };
		135FE170133A6C6800359621 /* KLURLCache.m */ = {isa = PBXFileReference; fileEncoding = 4; lastKnownFileType = sourcecode.c.objc; path = KLURLCache.m; sourceTree = "<group>"; };
		135FE173133A729700359621 /* KLURLCacheConnection.h */ = {isa = PBXFileReference; fileEncoding = 4; lastKnownFileType = sourcecode.c.h; path = KLURLCacheConnection.h; sourceTree = "<group>"; };
		135FE174133A729800359621 /* KLURLCacheConnection.m */ = {isa = PBXFileReference; fileEncoding = 4; lastKnownFileType = sourcecode.c.objc; path = KLURLCacheConnection.m; sourceTree = "<group>"; };
		135FE190133A7C5C00359621 /* KLImageView.h */ = {isa = PBXFileReference; fileEncoding = 4; lastKnownFileType = sourcecode.c.h; path = KLImageView.h; sourceTree = "<group>"; };
		135FE191133A7C5C00359621 /* KLImageView.m */ = {isa = PBXFileReference; fileEncoding = 4; lastKnownFileType = sourcecode.c.objc; path = KLImageView.m; sourceTree = "<group>"; };
		135FE194133A9B9A00359621 /* NSString+MD5.h */ = {isa = PBXFileReference; fileEncoding = 4; lastKnownFileType = sourcecode.c.h; path = "NSString+MD5.h"; sourceTree = "<group>"; };
		135FE195133A9B9A00359621 /* NSString+MD5.m */ = {isa = PBXFileReference; fileEncoding = 4; lastKnownFileType = sourcecode.c.objc; path = "NSString+MD5.m"; sourceTree = "<group>"; };
		135FE198133A9C4F00359621 /* Security.framework */ = {isa = PBXFileReference; lastKnownFileType = wrapper.framework; name = Security.framework; path = System/Library/Frameworks/Security.framework; sourceTree = SDKROOT; };
		135FE1CB133D0AB800359621 /* UIColor+HexRGB.h */ = {isa = PBXFileReference; fileEncoding = 4; lastKnownFileType = sourcecode.c.h; path = "UIColor+HexRGB.h"; sourceTree = "<group>"; };
		135FE1CC133D0AB800359621 /* UIColor+HexRGB.m */ = {isa = PBXFileReference; fileEncoding = 4; lastKnownFileType = sourcecode.c.objc; path = "UIColor+HexRGB.m"; sourceTree = "<group>"; };
		137B64671337A3B4001459F8 /* CDataScanner.h */ = {isa = PBXFileReference; fileEncoding = 4; lastKnownFileType = sourcecode.c.h; path = CDataScanner.h; sourceTree = "<group>"; };
		137B64681337A3B4001459F8 /* CDataScanner.m */ = {isa = PBXFileReference; fileEncoding = 4; lastKnownFileType = sourcecode.c.objc; path = CDataScanner.m; sourceTree = "<group>"; };
		137B646A1337A3B4001459F8 /* CFilteringJSONSerializer.h */ = {isa = PBXFileReference; fileEncoding = 4; lastKnownFileType = sourcecode.c.h; path = CFilteringJSONSerializer.h; sourceTree = "<group>"; };
		137B646B1337A3B4001459F8 /* CFilteringJSONSerializer.m */ = {isa = PBXFileReference; fileEncoding = 4; lastKnownFileType = sourcecode.c.objc; path = CFilteringJSONSerializer.m; sourceTree = "<group>"; };
		137B646C1337A3B4001459F8 /* CJSONDeserializer_BlocksExtensions.h */ = {isa = PBXFileReference; fileEncoding = 4; lastKnownFileType = sourcecode.c.h; path = CJSONDeserializer_BlocksExtensions.h; sourceTree = "<group>"; };
		137B646D1337A3B4001459F8 /* CJSONDeserializer_BlocksExtensions.m */ = {isa = PBXFileReference; fileEncoding = 4; lastKnownFileType = sourcecode.c.objc; path = CJSONDeserializer_BlocksExtensions.m; sourceTree = "<group>"; };
		137B646E1337A3B4001459F8 /* CJSONSerialization.h */ = {isa = PBXFileReference; fileEncoding = 4; lastKnownFileType = sourcecode.c.h; path = CJSONSerialization.h; sourceTree = "<group>"; };
		137B646F1337A3B4001459F8 /* CJSONSerialization.m */ = {isa = PBXFileReference; fileEncoding = 4; lastKnownFileType = sourcecode.c.objc; path = CJSONSerialization.m; sourceTree = "<group>"; };
		137B64701337A3B4001459F8 /* CJSONSerializedData.h */ = {isa = PBXFileReference; fileEncoding = 4; lastKnownFileType = sourcecode.c.h; path = CJSONSerializedData.h; sourceTree = "<group>"; };
		137B64711337A3B4001459F8 /* CJSONSerializedData.m */ = {isa = PBXFileReference; fileEncoding = 4; lastKnownFileType = sourcecode.c.objc; path = CJSONSerializedData.m; sourceTree = "<group>"; };
		137B64731337A3B4001459F8 /* CDataScanner_Extensions.h */ = {isa = PBXFileReference; fileEncoding = 4; lastKnownFileType = sourcecode.c.h; path = CDataScanner_Extensions.h; sourceTree = "<group>"; };
		137B64741337A3B4001459F8 /* CDataScanner_Extensions.m */ = {isa = PBXFileReference; fileEncoding = 4; lastKnownFileType = sourcecode.c.objc; path = CDataScanner_Extensions.m; sourceTree = "<group>"; };
		137B64751337A3B4001459F8 /* NSDictionary_JSONExtensions.h */ = {isa = PBXFileReference; fileEncoding = 4; lastKnownFileType = sourcecode.c.h; path = NSDictionary_JSONExtensions.h; sourceTree = "<group>"; };
		137B64761337A3B4001459F8 /* NSDictionary_JSONExtensions.m */ = {isa = PBXFileReference; fileEncoding = 4; lastKnownFileType = sourcecode.c.objc; path = NSDictionary_JSONExtensions.m; sourceTree = "<group>"; };
		137B64781337A3B4001459F8 /* CJSONDeserializer.h */ = {isa = PBXFileReference; fileEncoding = 4; lastKnownFileType = sourcecode.c.h; path = CJSONDeserializer.h; sourceTree = "<group>"; };
		137B64791337A3B4001459F8 /* CJSONDeserializer.m */ = {isa = PBXFileReference; fileEncoding = 4; lastKnownFileType = sourcecode.c.objc; path = CJSONDeserializer.m; sourceTree = "<group>"; };
		137B647A1337A3B4001459F8 /* CJSONScanner.h */ = {isa = PBXFileReference; fileEncoding = 4; lastKnownFileType = sourcecode.c.h; path = CJSONScanner.h; sourceTree = "<group>"; };
		137B647B1337A3B4001459F8 /* CJSONScanner.m */ = {isa = PBXFileReference; fileEncoding = 4; lastKnownFileType = sourcecode.c.objc; path = CJSONScanner.m; sourceTree = "<group>"; };
		137B647C1337A3B4001459F8 /* CJSONSerializer.h */ = {isa = PBXFileReference; fileEncoding = 4; lastKnownFileType = sourcecode.c.h; path = CJSONSerializer.h; sourceTree = "<group>"; };
		137B647D1337A3B4001459F8 /* CJSONSerializer.m */ = {isa = PBXFileReference; fileEncoding = 4; lastKnownFileType = sourcecode.c.objc; path = CJSONSerializer.m; sourceTree = "<group>"; };
		137B647E1337A3B4001459F8 /* JSONRepresentation.h */ = {isa = PBXFileReference; fileEncoding = 4; lastKnownFileType = sourcecode.c.h; path = JSONRepresentation.h; sourceTree = "<group>"; };
		137B64A41337AB77001459F8 /* DataObject.h */ = {isa = PBXFileReference; fileEncoding = 4; lastKnownFileType = sourcecode.c.h; path = DataObject.h; sourceTree = "<group>"; };
		137B64A81337ABB4001459F8 /* KLTableViewCell.h */ = {isa = PBXFileReference; fileEncoding = 4; lastKnownFileType = sourcecode.c.h; path = KLTableViewCell.h; sourceTree = "<group>"; };
		137B64A91337ABB4001459F8 /* KLTableViewCell.m */ = {isa = PBXFileReference; fileEncoding = 4; lastKnownFileType = sourcecode.c.objc; path = KLTableViewCell.m; sourceTree = "<group>"; };
		137B64AD1337AC37001459F8 /* KLTableData.h */ = {isa = PBXFileReference; fileEncoding = 4; lastKnownFileType = sourcecode.c.h; path = KLTableData.h; sourceTree = "<group>"; };
		137B64AE1337AC37001459F8 /* KLTableData.m */ = {isa = PBXFileReference; fileEncoding = 4; lastKnownFileType = sourcecode.c.objc; path = KLTableData.m; sourceTree = "<group>"; };
		137B64B21337AC75001459F8 /* UITableViewCellHelper.h */ = {isa = PBXFileReference; fileEncoding = 4; lastKnownFileType = sourcecode.c.h; path = UITableViewCellHelper.h; sourceTree = "<group>"; };
		137B64B31337AC75001459F8 /* UITableViewCellHelper.m */ = {isa = PBXFileReference; fileEncoding = 4; lastKnownFileType = sourcecode.c.objc; path = UITableViewCellHelper.m; sourceTree = "<group>"; };
		137B64B71337AC89001459F8 /* UIViewHelpers.h */ = {isa = PBXFileReference; fileEncoding = 4; lastKnownFileType = sourcecode.c.h; path = UIViewHelpers.h; sourceTree = "<group>"; };
		137B64B81337AC89001459F8 /* UIViewHelpers.m */ = {isa = PBXFileReference; fileEncoding = 4; lastKnownFileType = sourcecode.c.objc; path = UIViewHelpers.m; sourceTree = "<group>"; };
		137B64BC1337ACBE001459F8 /* NSNumberNSNullHelper.h */ = {isa = PBXFileReference; fileEncoding = 4; lastKnownFileType = sourcecode.c.h; path = NSNumberNSNullHelper.h; sourceTree = "<group>"; };
		137B64BD1337ACBE001459F8 /* NSNumberNSNullHelper.m */ = {isa = PBXFileReference; fileEncoding = 4; lastKnownFileType = sourcecode.c.objc; path = NSNumberNSNullHelper.m; sourceTree = "<group>"; };
		1389D77512AC3542004602FF /* keylime.h */ = {isa = PBXFileReference; fileEncoding = 4; lastKnownFileType = sourcecode.c.h; path = keylime.h; sourceTree = "<group>"; };
		1389D77912AC359F004602FF /* KLConstants.h */ = {isa = PBXFileReference; fileEncoding = 4; lastKnownFileType = sourcecode.c.h; path = KLConstants.h; sourceTree = "<group>"; };
		1389D79B12AC3658004602FF /* keylime.bundle */ = {isa = PBXFileReference; lastKnownFileType = "wrapper.plug-in"; path = keylime.bundle; sourceTree = "<group>"; };
		1389D79D12AC369F004602FF /* KLCategories.h */ = {isa = PBXFileReference; fileEncoding = 4; lastKnownFileType = sourcecode.c.h; path = KLCategories.h; sourceTree = "<group>"; };
		1389D79F12AC36AB004602FF /* KLViewControllers.h */ = {isa = PBXFileReference; fileEncoding = 4; lastKnownFileType = sourcecode.c.h; path = KLViewControllers.h; sourceTree = "<group>"; };
		1389D7B512AC3848004602FF /* KLDefines.h */ = {isa = PBXFileReference; fileEncoding = 4; lastKnownFileType = sourcecode.c.h; path = KLDefines.h; sourceTree = "<group>"; };
		1389D7B812AC390C004602FF /* NSStringNSNullHelper.h */ = {isa = PBXFileReference; fileEncoding = 4; lastKnownFileType = sourcecode.c.h; path = NSStringNSNullHelper.h; sourceTree = "<group>"; };
		1389D7B912AC390C004602FF /* NSStringNSNullHelper.m */ = {isa = PBXFileReference; fileEncoding = 4; lastKnownFileType = sourcecode.c.objc; path = NSStringNSNullHelper.m; sourceTree = "<group>"; };
		1389D7BA12AC390C004602FF /* NSStringKLExtensions.h */ = {isa = PBXFileReference; fileEncoding = 4; lastKnownFileType = sourcecode.c.h; path = NSStringKLExtensions.h; sourceTree = "<group>"; };
		1389D7BB12AC390C004602FF /* NSStringKLExtensions.m */ = {isa = PBXFileReference; fileEncoding = 4; lastKnownFileType = sourcecode.c.objc; path = NSStringKLExtensions.m; sourceTree = "<group>"; };
		1389D7C112AC3958004602FF /* KLUtilities.h */ = {isa = PBXFileReference; fileEncoding = 4; lastKnownFileType = sourcecode.c.h; path = KLUtilities.h; sourceTree = "<group>"; };
		1389D7F312AC4093004602FF /* KLRefreshTableHeaderView.h */ = {isa = PBXFileReference; fileEncoding = 4; lastKnownFileType = sourcecode.c.h; path = KLRefreshTableHeaderView.h; sourceTree = "<group>"; };
		1389D7F412AC4093004602FF /* KLRefreshTableHeaderView.m */ = {isa = PBXFileReference; fileEncoding = 4; lastKnownFileType = sourcecode.c.objc; path = KLRefreshTableHeaderView.m; sourceTree = "<group>"; };
		1389D7F812AC40AF004602FF /* WebServiceConnectorDelegate.h */ = {isa = PBXFileReference; fileEncoding = 4; lastKnownFileType = sourcecode.c.h; path = WebServiceConnectorDelegate.h; sourceTree = "<group>"; };
		1389D7F912AC40AF004602FF /* WebServiceConnector.h */ = {isa = PBXFileReference; fileEncoding = 4; lastKnownFileType = sourcecode.c.h; path = WebServiceConnector.h; sourceTree = "<group>"; };
		1389D7FA12AC40AF004602FF /* WebServiceConnector.m */ = {isa = PBXFileReference; fileEncoding = 4; lastKnownFileType = sourcecode.c.objc; path = WebServiceConnector.m; sourceTree = "<group>"; };
		1389D7FF12AC40CF004602FF /* KLViewController.h */ = {isa = PBXFileReference; fileEncoding = 4; lastKnownFileType = sourcecode.c.h; path = KLViewController.h; sourceTree = "<group>"; };
		1389D80012AC40CF004602FF /* KLViewController.m */ = {isa = PBXFileReference; fileEncoding = 4; lastKnownFileType = sourcecode.c.objc; path = KLViewController.m; sourceTree = "<group>"; };
		1389D80212AC40CF004602FF /* LocationViewController.h */ = {isa = PBXFileReference; fileEncoding = 4; lastKnownFileType = sourcecode.c.h; path = LocationViewController.h; sourceTree = "<group>"; };
		1389D80312AC40CF004602FF /* LocationViewController.m */ = {isa = PBXFileReference; fileEncoding = 4; lastKnownFileType = sourcecode.c.objc; path = LocationViewController.m; sourceTree = "<group>"; };
		1389D80412AC40CF004602FF /* LocationViewController.xib */ = {isa = PBXFileReference; lastKnownFileType = file.xib; path = LocationViewController.xib; sourceTree = "<group>"; };
		1389D80612AC40CF004602FF /* WebViewController.h */ = {isa = PBXFileReference; fileEncoding = 4; lastKnownFileType = sourcecode.c.h; path = WebViewController.h; sourceTree = "<group>"; };
		1389D80712AC40CF004602FF /* WebViewController.m */ = {isa = PBXFileReference; fileEncoding = 4; lastKnownFileType = sourcecode.c.objc; path = WebViewController.m; sourceTree = "<group>"; };
		1389D80812AC40CF004602FF /* WebViewController.xib */ = {isa = PBXFileReference; lastKnownFileType = file.xib; path = WebViewController.xib; sourceTree = "<group>"; };
		1389D81312AC4131004602FF /* AlertUtility.h */ = {isa = PBXFileReference; fileEncoding = 4; lastKnownFileType = sourcecode.c.h; path = AlertUtility.h; sourceTree = "<group>"; };
		1389D81412AC4131004602FF /* AlertUtility.m */ = {isa = PBXFileReference; fileEncoding = 4; lastKnownFileType = sourcecode.c.objc; path = AlertUtility.m; sourceTree = "<group>"; };
		1389D82712AC4296004602FF /* CoreGraphics.framework */ = {isa = PBXFileReference; lastKnownFileType = wrapper.framework; name = CoreGraphics.framework; path = System/Library/Frameworks/CoreGraphics.framework; sourceTree = SDKROOT; };
		1389D82912AC4296004602FF /* CoreLocation.framework */ = {isa = PBXFileReference; lastKnownFileType = wrapper.framework; name = CoreLocation.framework; path = System/Library/Frameworks/CoreLocation.framework; sourceTree = SDKROOT; };
		1389D82B12AC4296004602FF /* MapKit.framework */ = {isa = PBXFileReference; lastKnownFileType = wrapper.framework; name = MapKit.framework; path = System/Library/Frameworks/MapKit.framework; sourceTree = SDKROOT; };
		1389D82D12AC4296004602FF /* MessageUI.framework */ = {isa = PBXFileReference; lastKnownFileType = wrapper.framework; name = MessageUI.framework; path = System/Library/Frameworks/MessageUI.framework; sourceTree = SDKROOT; };
		1389D82F12AC4296004602FF /* QuartzCore.framework */ = {isa = PBXFileReference; lastKnownFileType = wrapper.framework; name = QuartzCore.framework; path = System/Library/Frameworks/QuartzCore.framework; sourceTree = SDKROOT; };
		138CB3DC12BAA27300DF8EF4 /* UIImageKLExtensions.h */ = {isa = PBXFileReference; fileEncoding = 4; lastKnownFileType = sourcecode.c.h; path = UIImageKLExtensions.h; sourceTree = "<group>"; };
		138CB3DD12BAA27300DF8EF4 /* UIImageKLExtensions.m */ = {isa = PBXFileReference; fileEncoding = 4; lastKnownFileType = sourcecode.c.objc; path = UIImageKLExtensions.m; sourceTree = "<group>"; };
		AA747D9E0F9514B9006C5449 /* keylime_Prefix.pch */ = {isa = PBXFileReference; fileEncoding = 4; lastKnownFileType = sourcecode.c.h; path = keylime_Prefix.pch; sourceTree = SOURCE_ROOT; };
		AACBBE490F95108600F1A2B1 /* Foundation.framework */ = {isa = PBXFileReference; lastKnownFileType = wrapper.framework; name = Foundation.framework; path = System/Library/Frameworks/Foundation.framework; sourceTree = SDKROOT; };
		D2AAC07E0554694100DB518D /* libkeylime.a */ = {isa = PBXFileReference; explicitFileType = archive.ar; includeInIndex = 0; path = libkeylime.a; sourceTree = BUILT_PRODUCTS_DIR; };
/* End PBXFileReference section */

/* Begin PBXFrameworksBuildPhase section */
		D2AAC07C0554694100DB518D /* Frameworks */ = {
			isa = PBXFrameworksBuildPhase;
			buildActionMask = 2147483647;
			files = (
				135FE199133A9C5000359621 /* Security.framework in Frameworks */,
				AACBBE4A0F95108600F1A2B1 /* Foundation.framework in Frameworks */,
				1389D82812AC4296004602FF /* CoreGraphics.framework in Frameworks */,
				1389D82A12AC4296004602FF /* CoreLocation.framework in Frameworks */,
				1389D82C12AC4296004602FF /* MapKit.framework in Frameworks */,
				1389D82E12AC4296004602FF /* MessageUI.framework in Frameworks */,
				1389D83012AC4296004602FF /* QuartzCore.framework in Frameworks */,
			);
			runOnlyForDeploymentPostprocessing = 0;
		};
/* End PBXFrameworksBuildPhase section */

/* Begin PBXGroup section */
		034768DFFF38A50411DB9C8B /* Products */ = {
			isa = PBXGroup;
			children = (
				D2AAC07E0554694100DB518D /* libkeylime.a */,
			);
			name = Products;
			sourceTree = "<group>";
		};
		0867D691FE84028FC02AAC07 /* keylime */ = {
			isa = PBXGroup;
			children = (
				1389D79B12AC3658004602FF /* keylime.bundle */,
				08FB77AEFE84172EC02AAC07 /* Classes */,
				32C88DFF0371C24200C91783 /* Other Sources */,
				0867D69AFE84028FC02AAC07 /* Frameworks */,
				034768DFFF38A50411DB9C8B /* Products */,
			);
			name = keylime;
			sourceTree = "<group>";
		};
		0867D69AFE84028FC02AAC07 /* Frameworks */ = {
			isa = PBXGroup;
			children = (
				135FE198133A9C4F00359621 /* Security.framework */,
				AACBBE490F95108600F1A2B1 /* Foundation.framework */,
				1389D82712AC4296004602FF /* CoreGraphics.framework */,
				1389D82912AC4296004602FF /* CoreLocation.framework */,
				1389D82B12AC4296004602FF /* MapKit.framework */,
				1389D82D12AC4296004602FF /* MessageUI.framework */,
				1389D82F12AC4296004602FF /* QuartzCore.framework */,
			);
			name = Frameworks;
			sourceTree = "<group>";
		};
		08FB77AEFE84172EC02AAC07 /* Classes */ = {
			isa = PBXGroup;
			children = (
				1389D77512AC3542004602FF /* keylime.h */,
				1389D77712AC3569004602FF /* Categories */,
				1389D7C012AC3940004602FF /* Utilities */,
				137B64A21337AB32001459F8 /* Protocols */,
				137B64A31337AB50001459F8 /* Views */,
				1389D77812AC3574004602FF /* View Controllers */,
			);
			name = Classes;
			sourceTree = "<group>";
		};
		1310B2181337DD8C00495B90 /* Search Data */ = {
			isa = PBXGroup;
			children = (
				1310B2191337DDA200495B90 /* KLFetchedResultsSearchData.h */,
				1310B21A1337DDA200495B90 /* KLFetchedResultsSearchData.m */,
			);
			name = "Search Data";
			sourceTree = "<group>";
		};
		135FE110133A3D0500359621 /* NSManagedObject */ = {
			isa = PBXGroup;
			children = (
				135FE111133A3D4D00359621 /* NSManagedObjectHelpers.h */,
				135FE112133A3D4D00359621 /* NSManagedObjectHelpers.m */,
			);
			name = NSManagedObject;
			sourceTree = "<group>";
		};
		135FE16E133A6C4300359621 /* URLCache */ = {
			isa = PBXGroup;
			children = (
				135FE16F133A6C6800359621 /* KLURLCache.h */,
				135FE170133A6C6800359621 /* KLURLCache.m */,
				135FE173133A729700359621 /* KLURLCacheConnection.h */,
				135FE174133A729800359621 /* KLURLCacheConnection.m */,
			);
			name = URLCache;
			sourceTree = "<group>";
		};
		135FE18F133A7C4100359621 /* KLImageView */ = {
			isa = PBXGroup;
			children = (
				135FE190133A7C5C00359621 /* KLImageView.h */,
				135FE191133A7C5C00359621 /* KLImageView.m */,
			);
			name = KLImageView;
			sourceTree = "<group>";
		};
		135FE1CA133D0A8900359621 /* UIColor */ = {
			isa = PBXGroup;
			children = (
				135FE1CB133D0AB800359621 /* UIColor+HexRGB.h */,
				135FE1CC133D0AB800359621 /* UIColor+HexRGB.m */,
			);
			name = UIColor;
			sourceTree = "<group>";
		};
		137B64661337A395001459F8 /* TouchJSON */ = {
			isa = PBXGroup;
			children = (
				137B64671337A3B4001459F8 /* CDataScanner.h */,
				137B64681337A3B4001459F8 /* CDataScanner.m */,
				137B64691337A3B4001459F8 /* Experimental */,
				137B64721337A3B4001459F8 /* Extensions */,
				137B64771337A3B4001459F8 /* JSON */,
			);
			name = TouchJSON;
			sourceTree = "<group>";
		};
		137B64691337A3B4001459F8 /* Experimental */ = {
			isa = PBXGroup;
			children = (
				137B646A1337A3B4001459F8 /* CFilteringJSONSerializer.h */,
				137B646B1337A3B4001459F8 /* CFilteringJSONSerializer.m */,
				137B646C1337A3B4001459F8 /* CJSONDeserializer_BlocksExtensions.h */,
				137B646D1337A3B4001459F8 /* CJSONDeserializer_BlocksExtensions.m */,
				137B646E1337A3B4001459F8 /* CJSONSerialization.h */,
				137B646F1337A3B4001459F8 /* CJSONSerialization.m */,
				137B64701337A3B4001459F8 /* CJSONSerializedData.h */,
				137B64711337A3B4001459F8 /* CJSONSerializedData.m */,
			);
			path = Experimental;
			sourceTree = "<group>";
		};
		137B64721337A3B4001459F8 /* Extensions */ = {
			isa = PBXGroup;
			children = (
				137B64731337A3B4001459F8 /* CDataScanner_Extensions.h */,
				137B64741337A3B4001459F8 /* CDataScanner_Extensions.m */,
				137B64751337A3B4001459F8 /* NSDictionary_JSONExtensions.h */,
				137B64761337A3B4001459F8 /* NSDictionary_JSONExtensions.m */,
			);
			path = Extensions;
			sourceTree = "<group>";
		};
		137B64771337A3B4001459F8 /* JSON */ = {
			isa = PBXGroup;
			children = (
				137B64781337A3B4001459F8 /* CJSONDeserializer.h */,
				137B64791337A3B4001459F8 /* CJSONDeserializer.m */,
				137B647A1337A3B4001459F8 /* CJSONScanner.h */,
				137B647B1337A3B4001459F8 /* CJSONScanner.m */,
				137B647C1337A3B4001459F8 /* CJSONSerializer.h */,
				137B647D1337A3B4001459F8 /* CJSONSerializer.m */,
				137B647E1337A3B4001459F8 /* JSONRepresentation.h */,
			);
			path = JSON;
			sourceTree = "<group>";
		};
		137B64A21337AB32001459F8 /* Protocols */ = {
			isa = PBXGroup;
			children = (
				137B64A41337AB77001459F8 /* DataObject.h */,
			);
			name = Protocols;
			sourceTree = "<group>";
		};
		137B64A31337AB50001459F8 /* Views */ = {
			isa = PBXGroup;
			children = (
				135FE18F133A7C4100359621 /* KLImageView */,
				137B64A61337AB8E001459F8 /* TableViewCells */,
			);
			name = Views;
			sourceTree = "<group>";
		};
		137B64A61337AB8E001459F8 /* TableViewCells */ = {
			isa = PBXGroup;
			children = (
				137B64A71337AB9B001459F8 /* Base */,
			);
			name = TableViewCells;
			sourceTree = "<group>";
		};
		137B64A71337AB9B001459F8 /* Base */ = {
			isa = PBXGroup;
			children = (
				137B64A81337ABB4001459F8 /* KLTableViewCell.h */,
				137B64A91337ABB4001459F8 /* KLTableViewCell.m */,
			);
			name = Base;
			sourceTree = "<group>";
		};
		137B64AC1337AC27001459F8 /* Table Data */ = {
			isa = PBXGroup;
			children = (
				137B64AD1337AC37001459F8 /* KLTableData.h */,
				137B64AE1337AC37001459F8 /* KLTableData.m */,
			);
			name = "Table Data";
			sourceTree = "<group>";
		};
		137B64B11337AC65001459F8 /* UITableViewCell */ = {
			isa = PBXGroup;
			children = (
				137B64B21337AC75001459F8 /* UITableViewCellHelper.h */,
				137B64B31337AC75001459F8 /* UITableViewCellHelper.m */,
			);
			name = UITableViewCell;
			sourceTree = "<group>";
		};
		137B64B61337AC7A001459F8 /* UIView */ = {
			isa = PBXGroup;
			children = (
				137B64B71337AC89001459F8 /* UIViewHelpers.h */,
				137B64B81337AC89001459F8 /* UIViewHelpers.m */,
			);
			name = UIView;
			sourceTree = "<group>";
		};
		137B64BB1337ACAF001459F8 /* NSNumber */ = {
			isa = PBXGroup;
			children = (
				137B64BC1337ACBE001459F8 /* NSNumberNSNullHelper.h */,
				137B64BD1337ACBE001459F8 /* NSNumberNSNullHelper.m */,
			);
			name = NSNumber;
			sourceTree = "<group>";
		};
		1389D77712AC3569004602FF /* Categories */ = {
			isa = PBXGroup;
			children = (
				1389D79D12AC369F004602FF /* KLCategories.h */,
				135FE110133A3D0500359621 /* NSManagedObject */,
				137B64BB1337ACAF001459F8 /* NSNumber */,
				1389D7B712AC3901004602FF /* NSString */,
				135FE1CA133D0A8900359621 /* UIColor */,
				138CB3DB12BAA25A00DF8EF4 /* UIImage */,
				137B64B11337AC65001459F8 /* UITableViewCell */,
				137B64B61337AC7A001459F8 /* UIView */,
			);
			name = Categories;
			sourceTree = "<group>";
		};
		1389D77812AC3574004602FF /* View Controllers */ = {
			isa = PBXGroup;
			children = (
				1389D79F12AC36AB004602FF /* KLViewControllers.h */,
				1389D7FE12AC40CF004602FF /* Base */,
				1389D80112AC40CF004602FF /* LocationViewController */,
				1389D80512AC40CF004602FF /* WebViewController */,
			);
			name = "View Controllers";
			sourceTree = "<group>";
		};
		1389D7B712AC3901004602FF /* NSString */ = {
			isa = PBXGroup;
			children = (
				1389D7B812AC390C004602FF /* NSStringNSNullHelper.h */,
				1389D7B912AC390C004602FF /* NSStringNSNullHelper.m */,
				1389D7BA12AC390C004602FF /* NSStringKLExtensions.h */,
				1389D7BB12AC390C004602FF /* NSStringKLExtensions.m */,
				135FE194133A9B9A00359621 /* NSString+MD5.h */,
				135FE195133A9B9A00359621 /* NSString+MD5.m */,
			);
			name = NSString;
			sourceTree = "<group>";
		};
		1389D7C012AC3940004602FF /* Utilities */ = {
			isa = PBXGroup;
			children = (
				1389D7C112AC3958004602FF /* KLUtilities.h */,
				1389D81212AC4131004602FF /* AlertUtility */,
				137B64661337A395001459F8 /* TouchJSON */,
				135FE16E133A6C4300359621 /* URLCache */,
				1389D7F712AC40AF004602FF /* Web Service Connector */,
			);
			name = Utilities;
			sourceTree = "<group>";
		};
		1389D7F212AC4093004602FF /* Pull To Refresh */ = {
			isa = PBXGroup;
			children = (
				1389D7F312AC4093004602FF /* KLRefreshTableHeaderView.h */,
				1389D7F412AC4093004602FF /* KLRefreshTableHeaderView.m */,
			);
			name = "Pull To Refresh";
			sourceTree = "<group>";
		};
		1389D7F712AC40AF004602FF /* Web Service Connector */ = {
			isa = PBXGroup;
			children = (
				1389D7F812AC40AF004602FF /* WebServiceConnectorDelegate.h */,
				1389D7F912AC40AF004602FF /* WebServiceConnector.h */,
				1389D7FA12AC40AF004602FF /* WebServiceConnector.m */,
			);
			name = "Web Service Connector";
			sourceTree = "<group>";
		};
		1389D7FE12AC40CF004602FF /* Base */ = {
			isa = PBXGroup;
			children = (
				1389D7FF12AC40CF004602FF /* KLViewController.h */,
				1389D80012AC40CF004602FF /* KLViewController.m */,
				1389D80F12AC410F004602FF /* Helpers */,
			);
			name = Base;
			sourceTree = "<group>";
		};
		1389D80112AC40CF004602FF /* LocationViewController */ = {
			isa = PBXGroup;
			children = (
				1389D80212AC40CF004602FF /* LocationViewController.h */,
				1389D80312AC40CF004602FF /* LocationViewController.m */,
				1389D80412AC40CF004602FF /* LocationViewController.xib */,
			);
			name = LocationViewController;
			sourceTree = "<group>";
		};
		1389D80512AC40CF004602FF /* WebViewController */ = {
			isa = PBXGroup;
			children = (
				1389D80612AC40CF004602FF /* WebViewController.h */,
				1389D80712AC40CF004602FF /* WebViewController.m */,
				1389D80812AC40CF004602FF /* WebViewController.xib */,
			);
			name = WebViewController;
			sourceTree = "<group>";
		};
		1389D80F12AC410F004602FF /* Helpers */ = {
			isa = PBXGroup;
			children = (
				1389D7F212AC4093004602FF /* Pull To Refresh */,
				1310B2181337DD8C00495B90 /* Search Data */,
				137B64AC1337AC27001459F8 /* Table Data */,
			);
			name = Helpers;
			sourceTree = "<group>";
		};
		1389D81212AC4131004602FF /* AlertUtility */ = {
			isa = PBXGroup;
			children = (
				1389D81312AC4131004602FF /* AlertUtility.h */,
				1389D81412AC4131004602FF /* AlertUtility.m */,
			);
			name = AlertUtility;
			sourceTree = "<group>";
		};
		138CB3DB12BAA25A00DF8EF4 /* UIImage */ = {
			isa = PBXGroup;
			children = (
				138CB3DC12BAA27300DF8EF4 /* UIImageKLExtensions.h */,
				138CB3DD12BAA27300DF8EF4 /* UIImageKLExtensions.m */,
			);
			name = UIImage;
			sourceTree = "<group>";
		};
		32C88DFF0371C24200C91783 /* Other Sources */ = {
			isa = PBXGroup;
			children = (
				AA747D9E0F9514B9006C5449 /* keylime_Prefix.pch */,
				1389D77912AC359F004602FF /* KLConstants.h */,
				1389D7B512AC3848004602FF /* KLDefines.h */,
			);
			name = "Other Sources";
			sourceTree = "<group>";
		};
/* End PBXGroup section */

/* Begin PBXHeadersBuildPhase section */
		D2AAC07A0554694100DB518D /* Headers */ = {
			isa = PBXHeadersBuildPhase;
			buildActionMask = 2147483647;
			files = (
				AA747D9F0F9514B9006C5449 /* keylime_Prefix.pch in Headers */,
				1389D77612AC3542004602FF /* keylime.h in Headers */,
				1389D77A12AC359F004602FF /* KLConstants.h in Headers */,
				1389D79E12AC369F004602FF /* KLCategories.h in Headers */,
				1389D7A012AC36AB004602FF /* KLViewControllers.h in Headers */,
				1389D7B612AC3848004602FF /* KLDefines.h in Headers */,
				1389D7BC12AC390C004602FF /* NSStringNSNullHelper.h in Headers */,
				1389D7BE12AC390C004602FF /* NSStringKLExtensions.h in Headers */,
				1389D7C212AC3958004602FF /* KLUtilities.h in Headers */,
				1389D7F512AC4093004602FF /* KLRefreshTableHeaderView.h in Headers */,
				1389D7FB12AC40AF004602FF /* WebServiceConnectorDelegate.h in Headers */,
				1389D7FC12AC40AF004602FF /* WebServiceConnector.h in Headers */,
				1389D80912AC40CF004602FF /* KLViewController.h in Headers */,
				1389D80B12AC40CF004602FF /* LocationViewController.h in Headers */,
				1389D80D12AC40CF004602FF /* WebViewController.h in Headers */,
				1389D81512AC4131004602FF /* AlertUtility.h in Headers */,
				138CB3DE12BAA27300DF8EF4 /* UIImageKLExtensions.h in Headers */,
				137B647F1337A3B4001459F8 /* CDataScanner.h in Headers */,
				137B64811337A3B4001459F8 /* CFilteringJSONSerializer.h in Headers */,
				137B64831337A3B4001459F8 /* CJSONDeserializer_BlocksExtensions.h in Headers */,
				137B64851337A3B4001459F8 /* CJSONSerialization.h in Headers */,
				137B64871337A3B4001459F8 /* CJSONSerializedData.h in Headers */,
				137B64891337A3B4001459F8 /* CDataScanner_Extensions.h in Headers */,
				137B648B1337A3B4001459F8 /* NSDictionary_JSONExtensions.h in Headers */,
				137B648D1337A3B4001459F8 /* CJSONDeserializer.h in Headers */,
				137B648F1337A3B4001459F8 /* CJSONScanner.h in Headers */,
				137B64911337A3B4001459F8 /* CJSONSerializer.h in Headers */,
				137B64931337A3B4001459F8 /* JSONRepresentation.h in Headers */,
				137B64A51337AB77001459F8 /* DataObject.h in Headers */,
				137B64AA1337ABB4001459F8 /* KLTableViewCell.h in Headers */,
				137B64AF1337AC37001459F8 /* KLTableData.h in Headers */,
				137B64B41337AC75001459F8 /* UITableViewCellHelper.h in Headers */,
				137B64B91337AC89001459F8 /* UIViewHelpers.h in Headers */,
				137B64BE1337ACBE001459F8 /* NSNumberNSNullHelper.h in Headers */,
				1310B21B1337DDA200495B90 /* KLFetchedResultsSearchData.h in Headers */,
				135FE113133A3D4D00359621 /* NSManagedObjectHelpers.h in Headers */,
				135FE171133A6C6800359621 /* KLURLCache.h in Headers */,
				135FE175133A729900359621 /* KLURLCacheConnection.h in Headers */,
				135FE192133A7C5C00359621 /* KLImageView.h in Headers */,
				135FE196133A9B9A00359621 /* NSString+MD5.h in Headers */,
				135FE1CD133D0AB800359621 /* UIColor+HexRGB.h in Headers */,
			);
			runOnlyForDeploymentPostprocessing = 0;
		};
/* End PBXHeadersBuildPhase section */

/* Begin PBXNativeTarget section */
		D2AAC07D0554694100DB518D /* keylime */ = {
			isa = PBXNativeTarget;
			buildConfigurationList = 1DEB921E08733DC00010E9CD /* Build configuration list for PBXNativeTarget "keylime" */;
			buildPhases = (
				D2AAC07A0554694100DB518D /* Headers */,
				D2AAC07B0554694100DB518D /* Sources */,
				D2AAC07C0554694100DB518D /* Frameworks */,
			);
			buildRules = (
			);
			dependencies = (
			);
			name = keylime;
			productName = keylime;
			productReference = D2AAC07E0554694100DB518D /* libkeylime.a */;
			productType = "com.apple.product-type.library.static";
		};
/* End PBXNativeTarget section */

/* Begin PBXProject section */
		0867D690FE84028FC02AAC07 /* Project object */ = {
			isa = PBXProject;
			attributes = {
				LastUpgradeCheck = 0420;
				ORGANIZATIONNAME = "Jesse Curry";
			};
			buildConfigurationList = 1DEB922208733DC00010E9CD /* Build configuration list for PBXProject "keylime" */;
			compatibilityVersion = "Xcode 3.2";
			developmentRegion = English;
			hasScannedForEncodings = 1;
			knownRegions = (
				English,
				Japanese,
				French,
				German,
			);
			mainGroup = 0867D691FE84028FC02AAC07 /* keylime */;
			productRefGroup = 034768DFFF38A50411DB9C8B /* Products */;
			projectDirPath = "";
			projectRoot = "";
			targets = (
				D2AAC07D0554694100DB518D /* keylime */,
			);
		};
/* End PBXProject section */

/* Begin PBXSourcesBuildPhase section */
		D2AAC07B0554694100DB518D /* Sources */ = {
			isa = PBXSourcesBuildPhase;
			buildActionMask = 2147483647;
			files = (
				1389D7BD12AC390C004602FF /* NSStringNSNullHelper.m in Sources */,
				1389D7BF12AC390C004602FF /* NSStringKLExtensions.m in Sources */,
				1389D7F612AC4093004602FF /* KLRefreshTableHeaderView.m in Sources */,
				1389D7FD12AC40AF004602FF /* WebServiceConnector.m in Sources */,
				1389D80A12AC40CF004602FF /* KLViewController.m in Sources */,
				1389D80C12AC40CF004602FF /* LocationViewController.m in Sources */,
				1389D80E12AC40CF004602FF /* WebViewController.m in Sources */,
				1389D81612AC4131004602FF /* AlertUtility.m in Sources */,
				138CB3DF12BAA27300DF8EF4 /* UIImageKLExtensions.m in Sources */,
				137B64801337A3B4001459F8 /* CDataScanner.m in Sources */,
				137B64821337A3B4001459F8 /* CFilteringJSONSerializer.m in Sources */,
				137B64841337A3B4001459F8 /* CJSONDeserializer_BlocksExtensions.m in Sources */,
				137B64861337A3B4001459F8 /* CJSONSerialization.m in Sources */,
				137B64881337A3B4001459F8 /* CJSONSerializedData.m in Sources */,
				137B648A1337A3B4001459F8 /* CDataScanner_Extensions.m in Sources */,
				137B648C1337A3B4001459F8 /* NSDictionary_JSONExtensions.m in Sources */,
				137B648E1337A3B4001459F8 /* CJSONDeserializer.m in Sources */,
				137B64901337A3B4001459F8 /* CJSONScanner.m in Sources */,
				137B64921337A3B4001459F8 /* CJSONSerializer.m in Sources */,
				137B64AB1337ABB4001459F8 /* KLTableViewCell.m in Sources */,
				137B64B01337AC37001459F8 /* KLTableData.m in Sources */,
				137B64B51337AC75001459F8 /* UITableViewCellHelper.m in Sources */,
				137B64BA1337AC89001459F8 /* UIViewHelpers.m in Sources */,
				137B64BF1337ACBE001459F8 /* NSNumberNSNullHelper.m in Sources */,
				1310B21C1337DDA200495B90 /* KLFetchedResultsSearchData.m in Sources */,
				135FE114133A3D4D00359621 /* NSManagedObjectHelpers.m in Sources */,
				135FE172133A6C6800359621 /* KLURLCache.m in Sources */,
				135FE176133A729900359621 /* KLURLCacheConnection.m in Sources */,
				135FE193133A7C5D00359621 /* KLImageView.m in Sources */,
				135FE197133A9B9A00359621 /* NSString+MD5.m in Sources */,
				135FE1CE133D0AB800359621 /* UIColor+HexRGB.m in Sources */,
			);
			runOnlyForDeploymentPostprocessing = 0;
		};
/* End PBXSourcesBuildPhase section */

/* Begin XCBuildConfiguration section */
		13EB660C136521F000E6D4D5 /* Distribution */ = {
			isa = XCBuildConfiguration;
			buildSettings = {
				ARCHS = "$(ARCHS_STANDARD_32_BIT)";
				GCC_C_LANGUAGE_STANDARD = c99;
				GCC_WARN_ABOUT_RETURN_TYPE = YES;
				GCC_WARN_UNUSED_VARIABLE = YES;
				OTHER_LDFLAGS = "-ObjC";
				SDKROOT = iphoneos;
				SKIP_INSTALL = YES;
			};
			name = Distribution;
		};
		13EB660D136521F000E6D4D5 /* Distribution */ = {
			isa = XCBuildConfiguration;
			buildSettings = {
				ALWAYS_SEARCH_USER_PATHS = NO;
				ARCHS = "$(ARCHS_STANDARD_32_BIT)";
				DSTROOT = /tmp/keylime.dst;
				GCC_MODEL_TUNING = G5;
				GCC_PRECOMPILE_PREFIX_HEADER = YES;
				GCC_PREFIX_HEADER = keylime_Prefix.pch;
				GCC_PREPROCESSOR_DEFINITIONS = "DEBUG=1";
				INSTALL_PATH = /usr/local/lib;
				PRODUCT_NAME = keylime;
			};
			name = Distribution;
		};
		1DEB921F08733DC00010E9CD /* Debug */ = {
			isa = XCBuildConfiguration;
			buildSettings = {
				ALWAYS_SEARCH_USER_PATHS = NO;
				ARCHS = "$(ARCHS_STANDARD_32_BIT)";
				COPY_PHASE_STRIP = NO;
				DSTROOT = /tmp/keylime.dst;
				GCC_DYNAMIC_NO_PIC = NO;
				GCC_MODEL_TUNING = G5;
				GCC_OPTIMIZATION_LEVEL = 0;
				GCC_PRECOMPILE_PREFIX_HEADER = YES;
				GCC_PREFIX_HEADER = keylime_Prefix.pch;
				GCC_PREPROCESSOR_DEFINITIONS = "DEBUG=1";
				INSTALL_PATH = /usr/local/lib;
				PRODUCT_NAME = keylime;
				SKIP_INSTALL = YES;
			};
			name = Debug;
		};
		1DEB922008733DC00010E9CD /* Release */ = {
			isa = XCBuildConfiguration;
			buildSettings = {
				ALWAYS_SEARCH_USER_PATHS = NO;
				ARCHS = "$(ARCHS_STANDARD_32_BIT)";
				DSTROOT = /tmp/keylime.dst;
				GCC_MODEL_TUNING = G5;
				GCC_PRECOMPILE_PREFIX_HEADER = YES;
				GCC_PREFIX_HEADER = keylime_Prefix.pch;
				GCC_PREPROCESSOR_DEFINITIONS = "DEBUG=1";
				INSTALL_PATH = /usr/local/lib;
				PRODUCT_NAME = keylime;
				SKIP_INSTALL = YES;
			};
			name = Release;
		};
		1DEB922308733DC00010E9CD /* Debug */ = {
			isa = XCBuildConfiguration;
			buildSettings = {
				ARCHS = "$(ARCHS_STANDARD_32_BIT)";
				GCC_C_LANGUAGE_STANDARD = c99;
				GCC_OPTIMIZATION_LEVEL = 0;
				GCC_PREPROCESSOR_DEFINITIONS = "";
				GCC_WARN_ABOUT_RETURN_TYPE = YES;
				GCC_WARN_UNUSED_VARIABLE = YES;
				OTHER_LDFLAGS = "-ObjC";
				SDKROOT = iphoneos;
				SKIP_INSTALL = NO;
			};
			name = Debug;
		};
		1DEB922408733DC00010E9CD /* Release */ = {
			isa = XCBuildConfiguration;
			buildSettings = {
				ARCHS = "$(ARCHS_STANDARD_32_BIT)";
				GCC_C_LANGUAGE_STANDARD = c99;
				GCC_WARN_ABOUT_RETURN_TYPE = YES;
				GCC_WARN_UNUSED_VARIABLE = YES;
				OTHER_LDFLAGS = "-ObjC";
				SDKROOT = iphoneos;
				SKIP_INSTALL = NO;
			};
			name = Release;
		};
/* End XCBuildConfiguration section */

/* Begin XCConfigurationList section */
		1DEB921E08733DC00010E9CD /* Build configuration list for PBXNativeTarget "keylime" */ = {
			isa = XCConfigurationList;
			buildConfigurations = (
				1DEB921F08733DC00010E9CD /* Debug */,
				1DEB922008733DC00010E9CD /* Release */,
				13EB660D136521F000E6D4D5 /* Distribution */,
			);
			defaultConfigurationIsVisible = 0;
			defaultConfigurationName = Release;
		};
		1DEB922208733DC00010E9CD /* Build configuration list for PBXProject "keylime" */ = {
			isa = XCConfigurationList;
			buildConfigurations = (
				1DEB922308733DC00010E9CD /* Debug */,
				1DEB922408733DC00010E9CD /* Release */,
				13EB660C136521F000E6D4D5 /* Distribution */,
			);
			defaultConfigurationIsVisible = 0;
			defaultConfigurationName = Release;
		};
/* End XCConfigurationList section */
	};
	rootObject = 0867D690FE84028FC02AAC07 /* Project object */;
}
