// !$*UTF8*$!
{
	archiveVersion = 1;
	classes = {
	};
	objectVersion = 46;
	objects = {

/* Begin PBXBuildFile section */
		1310B21B1337DDA200495B90 /* KLFetchedResultsSearchData.h in Headers */ = {isa = PBXBuildFile; fileRef = 1310B2191337DDA200495B90 /* KLFetchedResultsSearchData.h */; };
		1310B21C1337DDA200495B90 /* KLFetchedResultsSearchData.m in Sources */ = {isa = PBXBuildFile; fileRef = 1310B21A1337DDA200495B90 /* KLFetchedResultsSearchData.m */; };
		131865331487C9AA002BB140 /* NSDate+KLExtensions.h in Headers */ = {isa = PBXBuildFile; fileRef = 131865311487C9AA002BB140 /* NSDate+KLExtensions.h */; };
		131865341487C9AA002BB140 /* NSDate+KLExtensions.m in Sources */ = {isa = PBXBuildFile; fileRef = 131865321487C9AA002BB140 /* NSDate+KLExtensions.m */; };
		131ABD801474078300E7B790 /* NSObject+NSObject_DynamicTableViewCells.h in Headers */ = {isa = PBXBuildFile; fileRef = 131ABD7E1474078300E7B790 /* NSObject+NSObject_DynamicTableViewCells.h */; };
		131ABD811474078300E7B790 /* NSObject+NSObject_DynamicTableViewCells.m in Sources */ = {isa = PBXBuildFile; fileRef = 131ABD7F1474078300E7B790 /* NSObject+NSObject_DynamicTableViewCells.m */; };
		131BFD4E162C912700FF52C6 /* UIKit.framework in Frameworks */ = {isa = PBXBuildFile; fileRef = 131BFD4D162C912700FF52C6 /* UIKit.framework */; };
		131BFD4F162C912700FF52C6 /* Foundation.framework in Frameworks */ = {isa = PBXBuildFile; fileRef = AACBBE490F95108600F1A2B1 /* Foundation.framework */; };
		131BFD50162C912700FF52C6 /* CoreGraphics.framework in Frameworks */ = {isa = PBXBuildFile; fileRef = 1389D82712AC4296004602FF /* CoreGraphics.framework */; };
		131BFD52162C912700FF52C6 /* CoreData.framework in Frameworks */ = {isa = PBXBuildFile; fileRef = 131BFD51162C912700FF52C6 /* CoreData.framework */; };
		131BFD58162C912700FF52C6 /* InfoPlist.strings in Resources */ = {isa = PBXBuildFile; fileRef = 131BFD56162C912700FF52C6 /* InfoPlist.strings */; };
		131BFD5A162C912700FF52C6 /* main.m in Sources */ = {isa = PBXBuildFile; fileRef = 131BFD59162C912700FF52C6 /* main.m */; };
		131BFD5E162C912700FF52C6 /* KLAppDelegate.m in Sources */ = {isa = PBXBuildFile; fileRef = 131BFD5D162C912700FF52C6 /* KLAppDelegate.m */; };
		131BFD60162C912700FF52C6 /* Default.png in Resources */ = {isa = PBXBuildFile; fileRef = 131BFD5F162C912700FF52C6 /* Default.png */; };
		131BFD62162C912700FF52C6 /* Default@2x.png in Resources */ = {isa = PBXBuildFile; fileRef = 131BFD61162C912700FF52C6 /* Default@2x.png */; };
		131BFD64162C912700FF52C6 /* Default-568h@2x.png in Resources */ = {isa = PBXBuildFile; fileRef = 131BFD63162C912700FF52C6 /* Default-568h@2x.png */; };
		131BFD67162C912700FF52C6 /* keylime_example.xcdatamodeld in Sources */ = {isa = PBXBuildFile; fileRef = 131BFD65162C912700FF52C6 /* keylime_example.xcdatamodeld */; };
		131BFD88162C915100FF52C6 /* QuartzCore.framework in Frameworks */ = {isa = PBXBuildFile; fileRef = 1389D82F12AC4296004602FF /* QuartzCore.framework */; };
		131BFD89162C915400FF52C6 /* libkeylime.a in Frameworks */ = {isa = PBXBuildFile; fileRef = D2AAC07E0554694100DB518D /* libkeylime.a */; };
		131BFD8F162C9E4500FF52C6 /* BaseViewController.m in Sources */ = {isa = PBXBuildFile; fileRef = 131BFD8E162C9E4500FF52C6 /* BaseViewController.m */; };
		13339C5B157E94E200F7B990 /* KLAction.h in Headers */ = {isa = PBXBuildFile; fileRef = 13339C59157E94E200F7B990 /* KLAction.h */; };
		13339C5C157E94E200F7B990 /* KLAction.m in Sources */ = {isa = PBXBuildFile; fileRef = 13339C5A157E94E200F7B990 /* KLAction.m */; };
		133802F9162CA45C008F63B0 /* RootViewController.m in Sources */ = {isa = PBXBuildFile; fileRef = 133802F7162CA45C008F63B0 /* RootViewController.m */; };
		133802FA162CA45C008F63B0 /* RootViewController.xib in Resources */ = {isa = PBXBuildFile; fileRef = 133802F8162CA45C008F63B0 /* RootViewController.xib */; };
		135FE113133A3D4D00359621 /* NSManagedObjectHelpers.h in Headers */ = {isa = PBXBuildFile; fileRef = 135FE111133A3D4D00359621 /* NSManagedObjectHelpers.h */; };
		135FE114133A3D4D00359621 /* NSManagedObjectHelpers.m in Sources */ = {isa = PBXBuildFile; fileRef = 135FE112133A3D4D00359621 /* NSManagedObjectHelpers.m */; };
		135FE171133A6C6800359621 /* KLURLCache.h in Headers */ = {isa = PBXBuildFile; fileRef = 135FE16F133A6C6800359621 /* KLURLCache.h */; };
		135FE172133A6C6800359621 /* KLURLCache.m in Sources */ = {isa = PBXBuildFile; fileRef = 135FE170133A6C6800359621 /* KLURLCache.m */; };
		135FE175133A729900359621 /* KLURLCacheConnection.h in Headers */ = {isa = PBXBuildFile; fileRef = 135FE173133A729700359621 /* KLURLCacheConnection.h */; };
		135FE176133A729900359621 /* KLURLCacheConnection.m in Sources */ = {isa = PBXBuildFile; fileRef = 135FE174133A729800359621 /* KLURLCacheConnection.m */; };
		135FE192133A7C5C00359621 /* KLImageView.h in Headers */ = {isa = PBXBuildFile; fileRef = 135FE190133A7C5C00359621 /* KLImageView.h */; };
		135FE193133A7C5D00359621 /* KLImageView.m in Sources */ = {isa = PBXBuildFile; fileRef = 135FE191133A7C5C00359621 /* KLImageView.m */; };
		135FE196133A9B9A00359621 /* NSString+MD5.h in Headers */ = {isa = PBXBuildFile; fileRef = 135FE194133A9B9A00359621 /* NSString+MD5.h */; };
		135FE197133A9B9A00359621 /* NSString+MD5.m in Sources */ = {isa = PBXBuildFile; fileRef = 135FE195133A9B9A00359621 /* NSString+MD5.m */; };
		135FE199133A9C5000359621 /* Security.framework in Frameworks */ = {isa = PBXBuildFile; fileRef = 135FE198133A9C4F00359621 /* Security.framework */; };
		135FE1CD133D0AB800359621 /* UIColor+HexRGB.h in Headers */ = {isa = PBXBuildFile; fileRef = 135FE1CB133D0AB800359621 /* UIColor+HexRGB.h */; };
		135FE1CE133D0AB800359621 /* UIColor+HexRGB.m in Sources */ = {isa = PBXBuildFile; fileRef = 135FE1CC133D0AB800359621 /* UIColor+HexRGB.m */; };
		137B64A51337AB77001459F8 /* DataObject.h in Headers */ = {isa = PBXBuildFile; fileRef = 137B64A41337AB77001459F8 /* DataObject.h */; };
		137B64AA1337ABB4001459F8 /* KLTableViewCell.h in Headers */ = {isa = PBXBuildFile; fileRef = 137B64A81337ABB4001459F8 /* KLTableViewCell.h */; };
		137B64AB1337ABB4001459F8 /* KLTableViewCell.m in Sources */ = {isa = PBXBuildFile; fileRef = 137B64A91337ABB4001459F8 /* KLTableViewCell.m */; };
		137B64AF1337AC37001459F8 /* KLTableData.h in Headers */ = {isa = PBXBuildFile; fileRef = 137B64AD1337AC37001459F8 /* KLTableData.h */; };
		137B64B01337AC37001459F8 /* KLTableData.m in Sources */ = {isa = PBXBuildFile; fileRef = 137B64AE1337AC37001459F8 /* KLTableData.m */; };
		137B64B41337AC75001459F8 /* UITableViewCellHelper.h in Headers */ = {isa = PBXBuildFile; fileRef = 137B64B21337AC75001459F8 /* UITableViewCellHelper.h */; };
		137B64B51337AC75001459F8 /* UITableViewCellHelper.m in Sources */ = {isa = PBXBuildFile; fileRef = 137B64B31337AC75001459F8 /* UITableViewCellHelper.m */; };
		137B64B91337AC89001459F8 /* UIViewHelpers.h in Headers */ = {isa = PBXBuildFile; fileRef = 137B64B71337AC89001459F8 /* UIViewHelpers.h */; };
		137B64BA1337AC89001459F8 /* UIViewHelpers.m in Sources */ = {isa = PBXBuildFile; fileRef = 137B64B81337AC89001459F8 /* UIViewHelpers.m */; };
		137B64BE1337ACBE001459F8 /* NSNumberNSNullHelper.h in Headers */ = {isa = PBXBuildFile; fileRef = 137B64BC1337ACBE001459F8 /* NSNumberNSNullHelper.h */; };
		137B64BF1337ACBE001459F8 /* NSNumberNSNullHelper.m in Sources */ = {isa = PBXBuildFile; fileRef = 137B64BD1337ACBE001459F8 /* NSNumberNSNullHelper.m */; };
		1389D77612AC3542004602FF /* keylime.h in Headers */ = {isa = PBXBuildFile; fileRef = 1389D77512AC3542004602FF /* keylime.h */; };
		1389D77A12AC359F004602FF /* KLConstants.h in Headers */ = {isa = PBXBuildFile; fileRef = 1389D77912AC359F004602FF /* KLConstants.h */; };
		1389D79E12AC369F004602FF /* KLCategories.h in Headers */ = {isa = PBXBuildFile; fileRef = 1389D79D12AC369F004602FF /* KLCategories.h */; };
		1389D7A012AC36AB004602FF /* KLViewControllers.h in Headers */ = {isa = PBXBuildFile; fileRef = 1389D79F12AC36AB004602FF /* KLViewControllers.h */; };
		1389D7B612AC3848004602FF /* KLDefines.h in Headers */ = {isa = PBXBuildFile; fileRef = 1389D7B512AC3848004602FF /* KLDefines.h */; };
		1389D7BC12AC390C004602FF /* NSStringNSNullHelper.h in Headers */ = {isa = PBXBuildFile; fileRef = 1389D7B812AC390C004602FF /* NSStringNSNullHelper.h */; };
		1389D7BD12AC390C004602FF /* NSStringNSNullHelper.m in Sources */ = {isa = PBXBuildFile; fileRef = 1389D7B912AC390C004602FF /* NSStringNSNullHelper.m */; };
		1389D7BE12AC390C004602FF /* NSStringKLExtensions.h in Headers */ = {isa = PBXBuildFile; fileRef = 1389D7BA12AC390C004602FF /* NSStringKLExtensions.h */; };
		1389D7BF12AC390C004602FF /* NSStringKLExtensions.m in Sources */ = {isa = PBXBuildFile; fileRef = 1389D7BB12AC390C004602FF /* NSStringKLExtensions.m */; };
		1389D7C212AC3958004602FF /* KLUtilities.h in Headers */ = {isa = PBXBuildFile; fileRef = 1389D7C112AC3958004602FF /* KLUtilities.h */; };
		1389D7F512AC4093004602FF /* KLRefreshTableHeaderView.h in Headers */ = {isa = PBXBuildFile; fileRef = 1389D7F312AC4093004602FF /* KLRefreshTableHeaderView.h */; };
		1389D7F612AC4093004602FF /* KLRefreshTableHeaderView.m in Sources */ = {isa = PBXBuildFile; fileRef = 1389D7F412AC4093004602FF /* KLRefreshTableHeaderView.m */; };
		1389D7FB12AC40AF004602FF /* WebServiceConnectorDelegate.h in Headers */ = {isa = PBXBuildFile; fileRef = 1389D7F812AC40AF004602FF /* WebServiceConnectorDelegate.h */; };
		1389D7FC12AC40AF004602FF /* WebServiceConnector.h in Headers */ = {isa = PBXBuildFile; fileRef = 1389D7F912AC40AF004602FF /* WebServiceConnector.h */; };
		1389D7FD12AC40AF004602FF /* WebServiceConnector.m in Sources */ = {isa = PBXBuildFile; fileRef = 1389D7FA12AC40AF004602FF /* WebServiceConnector.m */; };
		1389D80912AC40CF004602FF /* KLViewController.h in Headers */ = {isa = PBXBuildFile; fileRef = 1389D7FF12AC40CF004602FF /* KLViewController.h */; };
		1389D80A12AC40CF004602FF /* KLViewController.m in Sources */ = {isa = PBXBuildFile; fileRef = 1389D80012AC40CF004602FF /* KLViewController.m */; };
		1389D80B12AC40CF004602FF /* LocationViewController.h in Headers */ = {isa = PBXBuildFile; fileRef = 1389D80212AC40CF004602FF /* LocationViewController.h */; };
		1389D80C12AC40CF004602FF /* LocationViewController.m in Sources */ = {isa = PBXBuildFile; fileRef = 1389D80312AC40CF004602FF /* LocationViewController.m */; };
		1389D80D12AC40CF004602FF /* KLWebViewController.h in Headers */ = {isa = PBXBuildFile; fileRef = 1389D80612AC40CF004602FF /* KLWebViewController.h */; };
		1389D80E12AC40CF004602FF /* KLWebViewController.m in Sources */ = {isa = PBXBuildFile; fileRef = 1389D80712AC40CF004602FF /* KLWebViewController.m */; };
		1389D81512AC4131004602FF /* AlertUtility.h in Headers */ = {isa = PBXBuildFile; fileRef = 1389D81312AC4131004602FF /* AlertUtility.h */; };
		1389D81612AC4131004602FF /* AlertUtility.m in Sources */ = {isa = PBXBuildFile; fileRef = 1389D81412AC4131004602FF /* AlertUtility.m */; };
		1389D82812AC4296004602FF /* CoreGraphics.framework in Frameworks */ = {isa = PBXBuildFile; fileRef = 1389D82712AC4296004602FF /* CoreGraphics.framework */; };
		1389D82A12AC4296004602FF /* CoreLocation.framework in Frameworks */ = {isa = PBXBuildFile; fileRef = 1389D82912AC4296004602FF /* CoreLocation.framework */; };
		1389D82C12AC4296004602FF /* MapKit.framework in Frameworks */ = {isa = PBXBuildFile; fileRef = 1389D82B12AC4296004602FF /* MapKit.framework */; };
		1389D82E12AC4296004602FF /* MessageUI.framework in Frameworks */ = {isa = PBXBuildFile; fileRef = 1389D82D12AC4296004602FF /* MessageUI.framework */; };
		1389D83012AC4296004602FF /* QuartzCore.framework in Frameworks */ = {isa = PBXBuildFile; fileRef = 1389D82F12AC4296004602FF /* QuartzCore.framework */; };
		138CB3DE12BAA27300DF8EF4 /* UIImageKLExtensions.h in Headers */ = {isa = PBXBuildFile; fileRef = 138CB3DC12BAA27300DF8EF4 /* UIImageKLExtensions.h */; };
		138CB3DF12BAA27300DF8EF4 /* UIImageKLExtensions.m in Sources */ = {isa = PBXBuildFile; fileRef = 138CB3DD12BAA27300DF8EF4 /* UIImageKLExtensions.m */; };
		AA747D9F0F9514B9006C5449 /* keylime_Prefix.pch in Headers */ = {isa = PBXBuildFile; fileRef = AA747D9E0F9514B9006C5449 /* keylime_Prefix.pch */; };
		AACBBE4A0F95108600F1A2B1 /* Foundation.framework in Frameworks */ = {isa = PBXBuildFile; fileRef = AACBBE490F95108600F1A2B1 /* Foundation.framework */; };
/* End PBXBuildFile section */

/* Begin PBXContainerItemProxy section */
		131BFD86162C914A00FF52C6 /* PBXContainerItemProxy */ = {
			isa = PBXContainerItemProxy;
			containerPortal = 0867D690FE84028FC02AAC07 /* Project object */;
			proxyType = 1;
			remoteGlobalIDString = D2AAC07D0554694100DB518D;
			remoteInfo = keylime;
		};
/* End PBXContainerItemProxy section */

/* Begin PBXFileReference section */
		1310B2191337DDA200495B90 /* KLFetchedResultsSearchData.h */ = {isa = PBXFileReference; fileEncoding = 4; lastKnownFileType = sourcecode.c.h; path = KLFetchedResultsSearchData.h; sourceTree = "<group>"; };
		1310B21A1337DDA200495B90 /* KLFetchedResultsSearchData.m */ = {isa = PBXFileReference; fileEncoding = 4; lastKnownFileType = sourcecode.c.objc; path = KLFetchedResultsSearchData.m; sourceTree = "<group>"; };
		131865311487C9AA002BB140 /* NSDate+KLExtensions.h */ = {isa = PBXFileReference; fileEncoding = 4; lastKnownFileType = sourcecode.c.h; path = "NSDate+KLExtensions.h"; sourceTree = "<group>"; };
		131865321487C9AA002BB140 /* NSDate+KLExtensions.m */ = {isa = PBXFileReference; fileEncoding = 4; lastKnownFileType = sourcecode.c.objc; path = "NSDate+KLExtensions.m"; sourceTree = "<group>"; };
		131ABD7E1474078300E7B790 /* NSObject+NSObject_DynamicTableViewCells.h */ = {isa = PBXFileReference; fileEncoding = 4; lastKnownFileType = sourcecode.c.h; path = "NSObject+NSObject_DynamicTableViewCells.h"; sourceTree = "<group>"; };
		131ABD7F1474078300E7B790 /* NSObject+NSObject_DynamicTableViewCells.m */ = {isa = PBXFileReference; fileEncoding = 4; lastKnownFileType = sourcecode.c.objc; path = "NSObject+NSObject_DynamicTableViewCells.m"; sourceTree = "<group>"; };
		131BFD4B162C912700FF52C6 /* keylime-example.app */ = {isa = PBXFileReference; explicitFileType = wrapper.application; includeInIndex = 0; path = "keylime-example.app"; sourceTree = BUILT_PRODUCTS_DIR; };
		131BFD4D162C912700FF52C6 /* UIKit.framework */ = {isa = PBXFileReference; lastKnownFileType = wrapper.framework; name = UIKit.framework; path = System/Library/Frameworks/UIKit.framework; sourceTree = SDKROOT; };
		131BFD51162C912700FF52C6 /* CoreData.framework */ = {isa = PBXFileReference; lastKnownFileType = wrapper.framework; name = CoreData.framework; path = System/Library/Frameworks/CoreData.framework; sourceTree = SDKROOT; };
		131BFD55162C912700FF52C6 /* keylime-example-Info.plist */ = {isa = PBXFileReference; lastKnownFileType = text.plist.xml; path = "keylime-example-Info.plist"; sourceTree = "<group>"; };
		131BFD57162C912700FF52C6 /* en */ = {isa = PBXFileReference; lastKnownFileType = text.plist.strings; name = en; path = en.lproj/InfoPlist.strings; sourceTree = "<group>"; };
		131BFD59162C912700FF52C6 /* main.m */ = {isa = PBXFileReference; lastKnownFileType = sourcecode.c.objc; path = main.m; sourceTree = "<group>"; };
		131BFD5B162C912700FF52C6 /* keylime-example-Prefix.pch */ = {isa = PBXFileReference; lastKnownFileType = sourcecode.c.h; path = "keylime-example-Prefix.pch"; sourceTree = "<group>"; };
		131BFD5C162C912700FF52C6 /* KLAppDelegate.h */ = {isa = PBXFileReference; lastKnownFileType = sourcecode.c.h; path = KLAppDelegate.h; sourceTree = "<group>"; };
		131BFD5D162C912700FF52C6 /* KLAppDelegate.m */ = {isa = PBXFileReference; lastKnownFileType = sourcecode.c.objc; path = KLAppDelegate.m; sourceTree = "<group>"; };
		131BFD5F162C912700FF52C6 /* Default.png */ = {isa = PBXFileReference; lastKnownFileType = image.png; path = Default.png; sourceTree = "<group>"; };
		131BFD61162C912700FF52C6 /* Default@2x.png */ = {isa = PBXFileReference; lastKnownFileType = image.png; path = "Default@2x.png"; sourceTree = "<group>"; };
		131BFD63162C912700FF52C6 /* Default-568h@2x.png */ = {isa = PBXFileReference; lastKnownFileType = image.png; path = "Default-568h@2x.png"; sourceTree = "<group>"; };
		131BFD66162C912700FF52C6 /* keylime_example.xcdatamodel */ = {isa = PBXFileReference; lastKnownFileType = wrapper.xcdatamodel; path = keylime_example.xcdatamodel; sourceTree = "<group>"; };
		131BFD6E162C912800FF52C6 /* SenTestingKit.framework */ = {isa = PBXFileReference; lastKnownFileType = wrapper.framework; name = SenTestingKit.framework; path = Library/Frameworks/SenTestingKit.framework; sourceTree = DEVELOPER_DIR; };
		131BFD8D162C9E4500FF52C6 /* BaseViewController.h */ = {isa = PBXFileReference; fileEncoding = 4; lastKnownFileType = sourcecode.c.h; path = BaseViewController.h; sourceTree = "<group>"; };
		131BFD8E162C9E4500FF52C6 /* BaseViewController.m */ = {isa = PBXFileReference; fileEncoding = 4; lastKnownFileType = sourcecode.c.objc; path = BaseViewController.m; sourceTree = "<group>"; };
		13339C59157E94E200F7B990 /* KLAction.h */ = {isa = PBXFileReference; fileEncoding = 4; lastKnownFileType = sourcecode.c.h; path = KLAction.h; sourceTree = "<group>"; };
		13339C5A157E94E200F7B990 /* KLAction.m */ = {isa = PBXFileReference; fileEncoding = 4; lastKnownFileType = sourcecode.c.objc; path = KLAction.m; sourceTree = "<group>"; };
		13339C5D157E958B00F7B990 /* KLModels.h */ = {isa = PBXFileReference; lastKnownFileType = sourcecode.c.h; path = KLModels.h; sourceTree = "<group>"; };
		133802F6162CA45C008F63B0 /* RootViewController.h */ = {isa = PBXFileReference; fileEncoding = 4; lastKnownFileType = sourcecode.c.h; path = RootViewController.h; sourceTree = "<group>"; };
		133802F7162CA45C008F63B0 /* RootViewController.m */ = {isa = PBXFileReference; fileEncoding = 4; lastKnownFileType = sourcecode.c.objc; path = RootViewController.m; sourceTree = "<group>"; };
		133802F8162CA45C008F63B0 /* RootViewController.xib */ = {isa = PBXFileReference; fileEncoding = 4; lastKnownFileType = file.xib; path = RootViewController.xib; sourceTree = "<group>"; };
		135FE111133A3D4D00359621 /* NSManagedObjectHelpers.h */ = {isa = PBXFileReference; fileEncoding = 4; lastKnownFileType = sourcecode.c.h; path = NSManagedObjectHelpers.h; sourceTree = "<group>"; };
		135FE112133A3D4D00359621 /* NSManagedObjectHelpers.m */ = {isa = PBXFileReference; fileEncoding = 4; lastKnownFileType = sourcecode.c.objc; path = NSManagedObjectHelpers.m; sourceTree = "<group>"; };
		135FE16F133A6C6800359621 /* KLURLCache.h */ = {isa = PBXFileReference; fileEncoding = 4; lastKnownFileType = sourcecode.c.h; path = KLURLCache.h; sourceTree = "<group>"; };
		135FE170133A6C6800359621 /* KLURLCache.m */ = {isa = PBXFileReference; fileEncoding = 4; lastKnownFileType = sourcecode.c.objc; path = KLURLCache.m; sourceTree = "<group>"; };
		135FE173133A729700359621 /* KLURLCacheConnection.h */ = {isa = PBXFileReference; fileEncoding = 4; lastKnownFileType = sourcecode.c.h; path = KLURLCacheConnection.h; sourceTree = "<group>"; };
		135FE174133A729800359621 /* KLURLCacheConnection.m */ = {isa = PBXFileReference; fileEncoding = 4; lastKnownFileType = sourcecode.c.objc; path = KLURLCacheConnection.m; sourceTree = "<group>"; };
		135FE190133A7C5C00359621 /* KLImageView.h */ = {isa = PBXFileReference; fileEncoding = 4; lastKnownFileType = sourcecode.c.h; path = KLImageView.h; sourceTree = "<group>"; };
		135FE191133A7C5C00359621 /* KLImageView.m */ = {isa = PBXFileReference; fileEncoding = 4; lastKnownFileType = sourcecode.c.objc; path = KLImageView.m; sourceTree = "<group>"; };
		135FE194133A9B9A00359621 /* NSString+MD5.h */ = {isa = PBXFileReference; fileEncoding = 4; lastKnownFileType = sourcecode.c.h; path = "NSString+MD5.h"; sourceTree = "<group>"; };
		135FE195133A9B9A00359621 /* NSString+MD5.m */ = {isa = PBXFileReference; fileEncoding = 4; lastKnownFileType = sourcecode.c.objc; path = "NSString+MD5.m"; sourceTree = "<group>"; };
		135FE198133A9C4F00359621 /* Security.framework */ = {isa = PBXFileReference; lastKnownFileType = wrapper.framework; name = Security.framework; path = System/Library/Frameworks/Security.framework; sourceTree = SDKROOT; };
		135FE1CB133D0AB800359621 /* UIColor+HexRGB.h */ = {isa = PBXFileReference; fileEncoding = 4; lastKnownFileType = sourcecode.c.h; path = "UIColor+HexRGB.h"; sourceTree = "<group>"; };
		135FE1CC133D0AB800359621 /* UIColor+HexRGB.m */ = {isa = PBXFileReference; fileEncoding = 4; lastKnownFileType = sourcecode.c.objc; path = "UIColor+HexRGB.m"; sourceTree = "<group>"; };
		137B64A41337AB77001459F8 /* DataObject.h */ = {isa = PBXFileReference; fileEncoding = 4; lastKnownFileType = sourcecode.c.h; path = DataObject.h; sourceTree = "<group>"; };
		137B64A81337ABB4001459F8 /* KLTableViewCell.h */ = {isa = PBXFileReference; fileEncoding = 4; lastKnownFileType = sourcecode.c.h; path = KLTableViewCell.h; sourceTree = "<group>"; };
		137B64A91337ABB4001459F8 /* KLTableViewCell.m */ = {isa = PBXFileReference; fileEncoding = 4; lastKnownFileType = sourcecode.c.objc; path = KLTableViewCell.m; sourceTree = "<group>"; };
		137B64AD1337AC37001459F8 /* KLTableData.h */ = {isa = PBXFileReference; fileEncoding = 4; lastKnownFileType = sourcecode.c.h; path = KLTableData.h; sourceTree = "<group>"; };
		137B64AE1337AC37001459F8 /* KLTableData.m */ = {isa = PBXFileReference; fileEncoding = 4; lastKnownFileType = sourcecode.c.objc; path = KLTableData.m; sourceTree = "<group>"; };
		137B64B21337AC75001459F8 /* UITableViewCellHelper.h */ = {isa = PBXFileReference; fileEncoding = 4; lastKnownFileType = sourcecode.c.h; path = UITableViewCellHelper.h; sourceTree = "<group>"; };
		137B64B31337AC75001459F8 /* UITableViewCellHelper.m */ = {isa = PBXFileReference; fileEncoding = 4; lastKnownFileType = sourcecode.c.objc; path = UITableViewCellHelper.m; sourceTree = "<group>"; };
		137B64B71337AC89001459F8 /* UIViewHelpers.h */ = {isa = PBXFileReference; fileEncoding = 4; lastKnownFileType = sourcecode.c.h; path = UIViewHelpers.h; sourceTree = "<group>"; };
		137B64B81337AC89001459F8 /* UIViewHelpers.m */ = {isa = PBXFileReference; fileEncoding = 4; lastKnownFileType = sourcecode.c.objc; path = UIViewHelpers.m; sourceTree = "<group>"; };
		137B64BC1337ACBE001459F8 /* NSNumberNSNullHelper.h */ = {isa = PBXFileReference; fileEncoding = 4; lastKnownFileType = sourcecode.c.h; path = NSNumberNSNullHelper.h; sourceTree = "<group>"; };
		137B64BD1337ACBE001459F8 /* NSNumberNSNullHelper.m */ = {isa = PBXFileReference; fileEncoding = 4; lastKnownFileType = sourcecode.c.objc; path = NSNumberNSNullHelper.m; sourceTree = "<group>"; };
		1389D77512AC3542004602FF /* keylime.h */ = {isa = PBXFileReference; fileEncoding = 4; lastKnownFileType = sourcecode.c.h; path = keylime.h; sourceTree = "<group>"; };
		1389D77912AC359F004602FF /* KLConstants.h */ = {isa = PBXFileReference; fileEncoding = 4; lastKnownFileType = sourcecode.c.h; path = KLConstants.h; sourceTree = "<group>"; };
		1389D79B12AC3658004602FF /* keylime.bundle */ = {isa = PBXFileReference; lastKnownFileType = "wrapper.plug-in"; path = keylime.bundle; sourceTree = "<group>"; };
		1389D79D12AC369F004602FF /* KLCategories.h */ = {isa = PBXFileReference; fileEncoding = 4; lastKnownFileType = sourcecode.c.h; path = KLCategories.h; sourceTree = "<group>"; };
		1389D79F12AC36AB004602FF /* KLViewControllers.h */ = {isa = PBXFileReference; fileEncoding = 4; lastKnownFileType = sourcecode.c.h; path = KLViewControllers.h; sourceTree = "<group>"; };
		1389D7B512AC3848004602FF /* KLDefines.h */ = {isa = PBXFileReference; fileEncoding = 4; lastKnownFileType = sourcecode.c.h; path = KLDefines.h; sourceTree = "<group>"; };
		1389D7B812AC390C004602FF /* NSStringNSNullHelper.h */ = {isa = PBXFileReference; fileEncoding = 4; lastKnownFileType = sourcecode.c.h; path = NSStringNSNullHelper.h; sourceTree = "<group>"; };
		1389D7B912AC390C004602FF /* NSStringNSNullHelper.m */ = {isa = PBXFileReference; fileEncoding = 4; lastKnownFileType = sourcecode.c.objc; path = NSStringNSNullHelper.m; sourceTree = "<group>"; };
		1389D7BA12AC390C004602FF /* NSStringKLExtensions.h */ = {isa = PBXFileReference; fileEncoding = 4; lastKnownFileType = sourcecode.c.h; path = NSStringKLExtensions.h; sourceTree = "<group>"; };
		1389D7BB12AC390C004602FF /* NSStringKLExtensions.m */ = {isa = PBXFileReference; fileEncoding = 4; lastKnownFileType = sourcecode.c.objc; path = NSStringKLExtensions.m; sourceTree = "<group>"; };
		1389D7C112AC3958004602FF /* KLUtilities.h */ = {isa = PBXFileReference; fileEncoding = 4; lastKnownFileType = sourcecode.c.h; path = KLUtilities.h; sourceTree = "<group>"; };
		1389D7F312AC4093004602FF /* KLRefreshTableHeaderView.h */ = {isa = PBXFileReference; fileEncoding = 4; lastKnownFileType = sourcecode.c.h; path = KLRefreshTableHeaderView.h; sourceTree = "<group>"; };
		1389D7F412AC4093004602FF /* KLRefreshTableHeaderView.m */ = {isa = PBXFileReference; fileEncoding = 4; lastKnownFileType = sourcecode.c.objc; path = KLRefreshTableHeaderView.m; sourceTree = "<group>"; };
		1389D7F812AC40AF004602FF /* WebServiceConnectorDelegate.h */ = {isa = PBXFileReference; fileEncoding = 4; lastKnownFileType = sourcecode.c.h; path = WebServiceConnectorDelegate.h; sourceTree = "<group>"; };
		1389D7F912AC40AF004602FF /* WebServiceConnector.h */ = {isa = PBXFileReference; fileEncoding = 4; lastKnownFileType = sourcecode.c.h; path = WebServiceConnector.h; sourceTree = "<group>"; };
		1389D7FA12AC40AF004602FF /* WebServiceConnector.m */ = {isa = PBXFileReference; fileEncoding = 4; lastKnownFileType = sourcecode.c.objc; path = WebServiceConnector.m; sourceTree = "<group>"; };
		1389D7FF12AC40CF004602FF /* KLViewController.h */ = {isa = PBXFileReference; fileEncoding = 4; lastKnownFileType = sourcecode.c.h; path = KLViewController.h; sourceTree = "<group>"; };
		1389D80012AC40CF004602FF /* KLViewController.m */ = {isa = PBXFileReference; fileEncoding = 4; lastKnownFileType = sourcecode.c.objc; path = KLViewController.m; sourceTree = "<group>"; };
		1389D80212AC40CF004602FF /* LocationViewController.h */ = {isa = PBXFileReference; fileEncoding = 4; lastKnownFileType = sourcecode.c.h; path = LocationViewController.h; sourceTree = "<group>"; };
		1389D80312AC40CF004602FF /* LocationViewController.m */ = {isa = PBXFileReference; fileEncoding = 4; lastKnownFileType = sourcecode.c.objc; path = LocationViewController.m; sourceTree = "<group>"; };
		1389D80412AC40CF004602FF /* LocationViewController.xib */ = {isa = PBXFileReference; lastKnownFileType = file.xib; path = LocationViewController.xib; sourceTree = "<group>"; };
		1389D80612AC40CF004602FF /* KLWebViewController.h */ = {isa = PBXFileReference; fileEncoding = 4; lastKnownFileType = sourcecode.c.h; path = KLWebViewController.h; sourceTree = "<group>"; };
		1389D80712AC40CF004602FF /* KLWebViewController.m */ = {isa = PBXFileReference; fileEncoding = 4; lastKnownFileType = sourcecode.c.objc; path = KLWebViewController.m; sourceTree = "<group>"; };
		1389D80812AC40CF004602FF /* WebViewController.xib */ = {isa = PBXFileReference; lastKnownFileType = file.xib; path = WebViewController.xib; sourceTree = "<group>"; };
		1389D81312AC4131004602FF /* AlertUtility.h */ = {isa = PBXFileReference; fileEncoding = 4; lastKnownFileType = sourcecode.c.h; path = AlertUtility.h; sourceTree = "<group>"; };
		1389D81412AC4131004602FF /* AlertUtility.m */ = {isa = PBXFileReference; fileEncoding = 4; lastKnownFileType = sourcecode.c.objc; path = AlertUtility.m; sourceTree = "<group>"; };
		1389D82712AC4296004602FF /* CoreGraphics.framework */ = {isa = PBXFileReference; lastKnownFileType = wrapper.framework; name = CoreGraphics.framework; path = System/Library/Frameworks/CoreGraphics.framework; sourceTree = SDKROOT; };
		1389D82912AC4296004602FF /* CoreLocation.framework */ = {isa = PBXFileReference; lastKnownFileType = wrapper.framework; name = CoreLocation.framework; path = System/Library/Frameworks/CoreLocation.framework; sourceTree = SDKROOT; };
		1389D82B12AC4296004602FF /* MapKit.framework */ = {isa = PBXFileReference; lastKnownFileType = wrapper.framework; name = MapKit.framework; path = System/Library/Frameworks/MapKit.framework; sourceTree = SDKROOT; };
		1389D82D12AC4296004602FF /* MessageUI.framework */ = {isa = PBXFileReference; lastKnownFileType = wrapper.framework; name = MessageUI.framework; path = System/Library/Frameworks/MessageUI.framework; sourceTree = SDKROOT; };
		1389D82F12AC4296004602FF /* QuartzCore.framework */ = {isa = PBXFileReference; lastKnownFileType = wrapper.framework; name = QuartzCore.framework; path = System/Library/Frameworks/QuartzCore.framework; sourceTree = SDKROOT; };
		138CB3DC12BAA27300DF8EF4 /* UIImageKLExtensions.h */ = {isa = PBXFileReference; fileEncoding = 4; lastKnownFileType = sourcecode.c.h; path = UIImageKLExtensions.h; sourceTree = "<group>"; };
		138CB3DD12BAA27300DF8EF4 /* UIImageKLExtensions.m */ = {isa = PBXFileReference; fileEncoding = 4; lastKnownFileType = sourcecode.c.objc; path = UIImageKLExtensions.m; sourceTree = "<group>"; };
		AA747D9E0F9514B9006C5449 /* keylime_Prefix.pch */ = {isa = PBXFileReference; fileEncoding = 4; lastKnownFileType = sourcecode.c.h; path = keylime_Prefix.pch; sourceTree = SOURCE_ROOT; };
		AACBBE490F95108600F1A2B1 /* Foundation.framework */ = {isa = PBXFileReference; lastKnownFileType = wrapper.framework; name = Foundation.framework; path = System/Library/Frameworks/Foundation.framework; sourceTree = SDKROOT; };
		D2AAC07E0554694100DB518D /* libkeylime.a */ = {isa = PBXFileReference; explicitFileType = archive.ar; includeInIndex = 0; path = libkeylime.a; sourceTree = BUILT_PRODUCTS_DIR; };
/* End PBXFileReference section */

/* Begin PBXFrameworksBuildPhase section */
		131BFD48162C912700FF52C6 /* Frameworks */ = {
			isa = PBXFrameworksBuildPhase;
			buildActionMask = 2147483647;
			files = (
				131BFD4E162C912700FF52C6 /* UIKit.framework in Frameworks */,
				131BFD4F162C912700FF52C6 /* Foundation.framework in Frameworks */,
				131BFD50162C912700FF52C6 /* CoreGraphics.framework in Frameworks */,
				131BFD52162C912700FF52C6 /* CoreData.framework in Frameworks */,
				131BFD88162C915100FF52C6 /* QuartzCore.framework in Frameworks */,
				131BFD89162C915400FF52C6 /* libkeylime.a in Frameworks */,
			);
			runOnlyForDeploymentPostprocessing = 0;
		};
		D2AAC07C0554694100DB518D /* Frameworks */ = {
			isa = PBXFrameworksBuildPhase;
			buildActionMask = 2147483647;
			files = (
				135FE199133A9C5000359621 /* Security.framework in Frameworks */,
				AACBBE4A0F95108600F1A2B1 /* Foundation.framework in Frameworks */,
				1389D82812AC4296004602FF /* CoreGraphics.framework in Frameworks */,
				1389D82A12AC4296004602FF /* CoreLocation.framework in Frameworks */,
				1389D82C12AC4296004602FF /* MapKit.framework in Frameworks */,
				1389D82E12AC4296004602FF /* MessageUI.framework in Frameworks */,
				1389D83012AC4296004602FF /* QuartzCore.framework in Frameworks */,
			);
			runOnlyForDeploymentPostprocessing = 0;
		};
/* End PBXFrameworksBuildPhase section */

/* Begin PBXGroup section */
		034768DFFF38A50411DB9C8B /* Products */ = {
			isa = PBXGroup;
			children = (
				D2AAC07E0554694100DB518D /* libkeylime.a */,
				131BFD4B162C912700FF52C6 /* keylime-example.app */,
			);
			name = Products;
			sourceTree = "<group>";
		};
		0867D691FE84028FC02AAC07 /* keylime */ = {
			isa = PBXGroup;
			children = (
				1389D79B12AC3658004602FF /* keylime.bundle */,
				08FB77AEFE84172EC02AAC07 /* Classes */,
				32C88DFF0371C24200C91783 /* Other Sources */,
				131BFD53162C912700FF52C6 /* keylime-example */,
				0867D69AFE84028FC02AAC07 /* Frameworks */,
				034768DFFF38A50411DB9C8B /* Products */,
			);
			name = keylime;
			sourceTree = "<group>";
		};
		0867D69AFE84028FC02AAC07 /* Frameworks */ = {
			isa = PBXGroup;
			children = (
				135FE198133A9C4F00359621 /* Security.framework */,
				AACBBE490F95108600F1A2B1 /* Foundation.framework */,
				1389D82712AC4296004602FF /* CoreGraphics.framework */,
				1389D82912AC4296004602FF /* CoreLocation.framework */,
				1389D82B12AC4296004602FF /* MapKit.framework */,
				1389D82D12AC4296004602FF /* MessageUI.framework */,
				1389D82F12AC4296004602FF /* QuartzCore.framework */,
				131BFD4D162C912700FF52C6 /* UIKit.framework */,
				131BFD51162C912700FF52C6 /* CoreData.framework */,
				131BFD6E162C912800FF52C6 /* SenTestingKit.framework */,
			);
			name = Frameworks;
			sourceTree = "<group>";
		};
		08FB77AEFE84172EC02AAC07 /* Classes */ = {
			isa = PBXGroup;
			children = (
				1389D77512AC3542004602FF /* keylime.h */,
				1389D77712AC3569004602FF /* Categories */,
				1389D7C012AC3940004602FF /* Utilities */,
				137B64A21337AB32001459F8 /* Protocols */,
				13339C58157E94D000F7B990 /* Models */,
				137B64A31337AB50001459F8 /* Views */,
				1389D77812AC3574004602FF /* View Controllers */,
			);
			name = Classes;
			sourceTree = "<group>";
		};
		1310B2181337DD8C00495B90 /* Search Data */ = {
			isa = PBXGroup;
			children = (
				1310B2191337DDA200495B90 /* KLFetchedResultsSearchData.h */,
				1310B21A1337DDA200495B90 /* KLFetchedResultsSearchData.m */,
			);
			name = "Search Data";
			sourceTree = "<group>";
		};
		131865351487C9B1002BB140 /* NSDate */ = {
			isa = PBXGroup;
			children = (
				131865311487C9AA002BB140 /* NSDate+KLExtensions.h */,
				131865321487C9AA002BB140 /* NSDate+KLExtensions.m */,
			);
			name = NSDate;
			sourceTree = "<group>";
		};
		131ABD821474078700E7B790 /* NSObject */ = {
			isa = PBXGroup;
			children = (
				131ABD7E1474078300E7B790 /* NSObject+NSObject_DynamicTableViewCells.h */,
				131ABD7F1474078300E7B790 /* NSObject+NSObject_DynamicTableViewCells.m */,
			);
			name = NSObject;
			sourceTree = "<group>";
		};
		131BFD53162C912700FF52C6 /* keylime-example */ = {
			isa = PBXGroup;
			children = (
				131BFD5C162C912700FF52C6 /* KLAppDelegate.h */,
				131BFD5D162C912700FF52C6 /* KLAppDelegate.m */,
				131BFD8A162C9E0500FF52C6 /* Models */,
				131BFD8B162C9E0F00FF52C6 /* Views */,
				131BFD8C162C9E2100FF52C6 /* VIew Controllers */,
				131BFD54162C912700FF52C6 /* Supporting Files */,
			);
			path = "keylime-example";
			sourceTree = "<group>";
		};
		131BFD54162C912700FF52C6 /* Supporting Files */ = {
			isa = PBXGroup;
			children = (
				131BFD55162C912700FF52C6 /* keylime-example-Info.plist */,
				131BFD56162C912700FF52C6 /* InfoPlist.strings */,
				131BFD59162C912700FF52C6 /* main.m */,
				131BFD5B162C912700FF52C6 /* keylime-example-Prefix.pch */,
				131BFD5F162C912700FF52C6 /* Default.png */,
				131BFD61162C912700FF52C6 /* Default@2x.png */,
				131BFD63162C912700FF52C6 /* Default-568h@2x.png */,
			);
			name = "Supporting Files";
			sourceTree = "<group>";
		};
		131BFD8A162C9E0500FF52C6 /* Models */ = {
			isa = PBXGroup;
			children = (
				131BFD65162C912700FF52C6 /* keylime_example.xcdatamodeld */,
			);
			name = Models;
			sourceTree = "<group>";
		};
		131BFD8B162C9E0F00FF52C6 /* Views */ = {
			isa = PBXGroup;
			children = (
			);
			name = Views;
			sourceTree = "<group>";
		};
		131BFD8C162C9E2100FF52C6 /* VIew Controllers */ = {
			isa = PBXGroup;
			children = (
				131BFD8D162C9E4500FF52C6 /* BaseViewController.h */,
				131BFD8E162C9E4500FF52C6 /* BaseViewController.m */,
				133802F6162CA45C008F63B0 /* RootViewController.h */,
				133802F7162CA45C008F63B0 /* RootViewController.m */,
				133802F8162CA45C008F63B0 /* RootViewController.xib */,
			);
			name = "VIew Controllers";
			sourceTree = "<group>";
		};
		13339C58157E94D000F7B990 /* Models */ = {
			isa = PBXGroup;
			children = (
				13339C5D157E958B00F7B990 /* KLModels.h */,
				13339C5E157E959500F7B990 /* KLAction */,
			);
			name = Models;
			sourceTree = "<group>";
		};
		13339C5E157E959500F7B990 /* KLAction */ = {
			isa = PBXGroup;
			children = (
				13339C59157E94E200F7B990 /* KLAction.h */,
				13339C5A157E94E200F7B990 /* KLAction.m */,
			);
			name = KLAction;
			sourceTree = "<group>";
		};
		135FE110133A3D0500359621 /* NSManagedObject */ = {
			isa = PBXGroup;
			children = (
				135FE111133A3D4D00359621 /* NSManagedObjectHelpers.h */,
				135FE112133A3D4D00359621 /* NSManagedObjectHelpers.m */,
			);
			name = NSManagedObject;
			sourceTree = "<group>";
		};
		135FE16E133A6C4300359621 /* URLCache */ = {
			isa = PBXGroup;
			children = (
				135FE16F133A6C6800359621 /* KLURLCache.h */,
				135FE170133A6C6800359621 /* KLURLCache.m */,
				135FE173133A729700359621 /* KLURLCacheConnection.h */,
				135FE174133A729800359621 /* KLURLCacheConnection.m */,
			);
			name = URLCache;
			sourceTree = "<group>";
		};
		135FE18F133A7C4100359621 /* KLImageView */ = {
			isa = PBXGroup;
			children = (
				135FE190133A7C5C00359621 /* KLImageView.h */,
				135FE191133A7C5C00359621 /* KLImageView.m */,
			);
			name = KLImageView;
			sourceTree = "<group>";
		};
		135FE1CA133D0A8900359621 /* UIColor */ = {
			isa = PBXGroup;
			children = (
				135FE1CB133D0AB800359621 /* UIColor+HexRGB.h */,
				135FE1CC133D0AB800359621 /* UIColor+HexRGB.m */,
			);
			name = UIColor;
			sourceTree = "<group>";
		};
		137B64A21337AB32001459F8 /* Protocols */ = {
			isa = PBXGroup;
			children = (
				137B64A41337AB77001459F8 /* DataObject.h */,
			);
			name = Protocols;
			sourceTree = "<group>";
		};
		137B64A31337AB50001459F8 /* Views */ = {
			isa = PBXGroup;
			children = (
				135FE18F133A7C4100359621 /* KLImageView */,
				137B64A61337AB8E001459F8 /* TableViewCells */,
			);
			name = Views;
			sourceTree = "<group>";
		};
		137B64A61337AB8E001459F8 /* TableViewCells */ = {
			isa = PBXGroup;
			children = (
				137B64A71337AB9B001459F8 /* Base */,
			);
			name = TableViewCells;
			sourceTree = "<group>";
		};
		137B64A71337AB9B001459F8 /* Base */ = {
			isa = PBXGroup;
			children = (
				137B64A81337ABB4001459F8 /* KLTableViewCell.h */,
				137B64A91337ABB4001459F8 /* KLTableViewCell.m */,
			);
			name = Base;
			sourceTree = "<group>";
		};
		137B64AC1337AC27001459F8 /* Table Data */ = {
			isa = PBXGroup;
			children = (
				137B64AD1337AC37001459F8 /* KLTableData.h */,
				137B64AE1337AC37001459F8 /* KLTableData.m */,
			);
			name = "Table Data";
			sourceTree = "<group>";
		};
		137B64B11337AC65001459F8 /* UITableViewCell */ = {
			isa = PBXGroup;
			children = (
				137B64B21337AC75001459F8 /* UITableViewCellHelper.h */,
				137B64B31337AC75001459F8 /* UITableViewCellHelper.m */,
			);
			name = UITableViewCell;
			sourceTree = "<group>";
		};
		137B64B61337AC7A001459F8 /* UIView */ = {
			isa = PBXGroup;
			children = (
				137B64B71337AC89001459F8 /* UIViewHelpers.h */,
				137B64B81337AC89001459F8 /* UIViewHelpers.m */,
			);
			name = UIView;
			sourceTree = "<group>";
		};
		137B64BB1337ACAF001459F8 /* NSNumber */ = {
			isa = PBXGroup;
			children = (
				137B64BC1337ACBE001459F8 /* NSNumberNSNullHelper.h */,
				137B64BD1337ACBE001459F8 /* NSNumberNSNullHelper.m */,
			);
			name = NSNumber;
			sourceTree = "<group>";
		};
		1389D77712AC3569004602FF /* Categories */ = {
			isa = PBXGroup;
			children = (
				1389D79D12AC369F004602FF /* KLCategories.h */,
				131ABD821474078700E7B790 /* NSObject */,
				131865351487C9B1002BB140 /* NSDate */,
				135FE110133A3D0500359621 /* NSManagedObject */,
				137B64BB1337ACAF001459F8 /* NSNumber */,
				1389D7B712AC3901004602FF /* NSString */,
				135FE1CA133D0A8900359621 /* UIColor */,
				138CB3DB12BAA25A00DF8EF4 /* UIImage */,
				137B64B11337AC65001459F8 /* UITableViewCell */,
				137B64B61337AC7A001459F8 /* UIView */,
			);
			name = Categories;
			sourceTree = "<group>";
		};
		1389D77812AC3574004602FF /* View Controllers */ = {
			isa = PBXGroup;
			children = (
				1389D79F12AC36AB004602FF /* KLViewControllers.h */,
				1389D7FE12AC40CF004602FF /* Base */,
				1389D80112AC40CF004602FF /* LocationViewController */,
				1389D80512AC40CF004602FF /* WebViewController */,
			);
			name = "View Controllers";
			sourceTree = "<group>";
		};
		1389D7B712AC3901004602FF /* NSString */ = {
			isa = PBXGroup;
			children = (
				1389D7B812AC390C004602FF /* NSStringNSNullHelper.h */,
				1389D7B912AC390C004602FF /* NSStringNSNullHelper.m */,
				1389D7BA12AC390C004602FF /* NSStringKLExtensions.h */,
				1389D7BB12AC390C004602FF /* NSStringKLExtensions.m */,
				135FE194133A9B9A00359621 /* NSString+MD5.h */,
				135FE195133A9B9A00359621 /* NSString+MD5.m */,
			);
			name = NSString;
			sourceTree = "<group>";
		};
		1389D7C012AC3940004602FF /* Utilities */ = {
			isa = PBXGroup;
			children = (
				1389D7C112AC3958004602FF /* KLUtilities.h */,
				1389D81212AC4131004602FF /* AlertUtility */,
				135FE16E133A6C4300359621 /* URLCache */,
				1389D7F712AC40AF004602FF /* Web Service Connector */,
			);
			name = Utilities;
			sourceTree = "<group>";
		};
		1389D7F212AC4093004602FF /* Pull To Refresh */ = {
			isa = PBXGroup;
			children = (
				1389D7F312AC4093004602FF /* KLRefreshTableHeaderView.h */,
				1389D7F412AC4093004602FF /* KLRefreshTableHeaderView.m */,
			);
			name = "Pull To Refresh";
			sourceTree = "<group>";
		};
		1389D7F712AC40AF004602FF /* Web Service Connector */ = {
			isa = PBXGroup;
			children = (
				1389D7F812AC40AF004602FF /* WebServiceConnectorDelegate.h */,
				1389D7F912AC40AF004602FF /* WebServiceConnector.h */,
				1389D7FA12AC40AF004602FF /* WebServiceConnector.m */,
			);
			name = "Web Service Connector";
			sourceTree = "<group>";
		};
		1389D7FE12AC40CF004602FF /* Base */ = {
			isa = PBXGroup;
			children = (
				1389D7FF12AC40CF004602FF /* KLViewController.h */,
				1389D80012AC40CF004602FF /* KLViewController.m */,
				1389D80F12AC410F004602FF /* Helpers */,
			);
			name = Base;
			sourceTree = "<group>";
		};
		1389D80112AC40CF004602FF /* LocationViewController */ = {
			isa = PBXGroup;
			children = (
				1389D80212AC40CF004602FF /* LocationViewController.h */,
				1389D80312AC40CF004602FF /* LocationViewController.m */,
				1389D80412AC40CF004602FF /* LocationViewController.xib */,
			);
			name = LocationViewController;
			sourceTree = "<group>";
		};
		1389D80512AC40CF004602FF /* WebViewController */ = {
			isa = PBXGroup;
			children = (
				1389D80612AC40CF004602FF /* KLWebViewController.h */,
				1389D80712AC40CF004602FF /* KLWebViewController.m */,
				1389D80812AC40CF004602FF /* WebViewController.xib */,
			);
			name = WebViewController;
			sourceTree = "<group>";
		};
		1389D80F12AC410F004602FF /* Helpers */ = {
			isa = PBXGroup;
			children = (
				1389D7F212AC4093004602FF /* Pull To Refresh */,
				1310B2181337DD8C00495B90 /* Search Data */,
				137B64AC1337AC27001459F8 /* Table Data */,
			);
			name = Helpers;
			sourceTree = "<group>";
		};
		1389D81212AC4131004602FF /* AlertUtility */ = {
			isa = PBXGroup;
			children = (
				1389D81312AC4131004602FF /* AlertUtility.h */,
				1389D81412AC4131004602FF /* AlertUtility.m */,
			);
			name = AlertUtility;
			sourceTree = "<group>";
		};
		138CB3DB12BAA25A00DF8EF4 /* UIImage */ = {
			isa = PBXGroup;
			children = (
				138CB3DC12BAA27300DF8EF4 /* UIImageKLExtensions.h */,
				138CB3DD12BAA27300DF8EF4 /* UIImageKLExtensions.m */,
			);
			name = UIImage;
			sourceTree = "<group>";
		};
		32C88DFF0371C24200C91783 /* Other Sources */ = {
			isa = PBXGroup;
			children = (
				AA747D9E0F9514B9006C5449 /* keylime_Prefix.pch */,
				1389D77912AC359F004602FF /* KLConstants.h */,
				1389D7B512AC3848004602FF /* KLDefines.h */,
			);
			name = "Other Sources";
			sourceTree = "<group>";
		};
/* End PBXGroup section */

/* Begin PBXHeadersBuildPhase section */
		D2AAC07A0554694100DB518D /* Headers */ = {
			isa = PBXHeadersBuildPhase;
			buildActionMask = 2147483647;
			files = (
				AA747D9F0F9514B9006C5449 /* keylime_Prefix.pch in Headers */,
				1389D77612AC3542004602FF /* keylime.h in Headers */,
				1389D77A12AC359F004602FF /* KLConstants.h in Headers */,
				1389D79E12AC369F004602FF /* KLCategories.h in Headers */,
				1389D7A012AC36AB004602FF /* KLViewControllers.h in Headers */,
				1389D7B612AC3848004602FF /* KLDefines.h in Headers */,
				1389D7BC12AC390C004602FF /* NSStringNSNullHelper.h in Headers */,
				1389D7BE12AC390C004602FF /* NSStringKLExtensions.h in Headers */,
				1389D7C212AC3958004602FF /* KLUtilities.h in Headers */,
				1389D7F512AC4093004602FF /* KLRefreshTableHeaderView.h in Headers */,
				1389D7FB12AC40AF004602FF /* WebServiceConnectorDelegate.h in Headers */,
				1389D7FC12AC40AF004602FF /* WebServiceConnector.h in Headers */,
				1389D80912AC40CF004602FF /* KLViewController.h in Headers */,
				1389D80B12AC40CF004602FF /* LocationViewController.h in Headers */,
				1389D80D12AC40CF004602FF /* KLWebViewController.h in Headers */,
				1389D81512AC4131004602FF /* AlertUtility.h in Headers */,
				138CB3DE12BAA27300DF8EF4 /* UIImageKLExtensions.h in Headers */,
				137B64A51337AB77001459F8 /* DataObject.h in Headers */,
				137B64AA1337ABB4001459F8 /* KLTableViewCell.h in Headers */,
				137B64AF1337AC37001459F8 /* KLTableData.h in Headers */,
				137B64B41337AC75001459F8 /* UITableViewCellHelper.h in Headers */,
				137B64B91337AC89001459F8 /* UIViewHelpers.h in Headers */,
				137B64BE1337ACBE001459F8 /* NSNumberNSNullHelper.h in Headers */,
				1310B21B1337DDA200495B90 /* KLFetchedResultsSearchData.h in Headers */,
				135FE113133A3D4D00359621 /* NSManagedObjectHelpers.h in Headers */,
				135FE171133A6C6800359621 /* KLURLCache.h in Headers */,
				135FE175133A729900359621 /* KLURLCacheConnection.h in Headers */,
				135FE192133A7C5C00359621 /* KLImageView.h in Headers */,
				135FE196133A9B9A00359621 /* NSString+MD5.h in Headers */,
				135FE1CD133D0AB800359621 /* UIColor+HexRGB.h in Headers */,
				131ABD801474078300E7B790 /* NSObject+NSObject_DynamicTableViewCells.h in Headers */,
				131865331487C9AA002BB140 /* NSDate+KLExtensions.h in Headers */,
				13339C5B157E94E200F7B990 /* KLAction.h in Headers */,
			);
			runOnlyForDeploymentPostprocessing = 0;
		};
/* End PBXHeadersBuildPhase section */

/* Begin PBXNativeTarget section */
		131BFD4A162C912700FF52C6 /* keylime-example */ = {
			isa = PBXNativeTarget;
			buildConfigurationList = 131BFD84162C912800FF52C6 /* Build configuration list for PBXNativeTarget "keylime-example" */;
			buildPhases = (
				131BFD47162C912700FF52C6 /* Sources */,
				131BFD48162C912700FF52C6 /* Frameworks */,
				131BFD49162C912700FF52C6 /* Resources */,
			);
			buildRules = (
			);
			dependencies = (
				131BFD87162C914A00FF52C6 /* PBXTargetDependency */,
			);
			name = "keylime-example";
			productName = "keylime-example";
			productReference = 131BFD4B162C912700FF52C6 /* keylime-example.app */;
			productType = "com.apple.product-type.application";
		};
		D2AAC07D0554694100DB518D /* keylime */ = {
			isa = PBXNativeTarget;
			buildConfigurationList = 1DEB921E08733DC00010E9CD /* Build configuration list for PBXNativeTarget "keylime" */;
			buildPhases = (
				D2AAC07A0554694100DB518D /* Headers */,
				D2AAC07B0554694100DB518D /* Sources */,
				D2AAC07C0554694100DB518D /* Frameworks */,
			);
			buildRules = (
			);
			dependencies = (
			);
			name = keylime;
			productName = keylime;
			productReference = D2AAC07E0554694100DB518D /* libkeylime.a */;
			productType = "com.apple.product-type.library.static";
		};
/* End PBXNativeTarget section */

/* Begin PBXProject section */
		0867D690FE84028FC02AAC07 /* Project object */ = {
			isa = PBXProject;
			attributes = {
				LastUpgradeCheck = 0450;
				ORGANIZATIONNAME = "Jesse Curry";
			};
			buildConfigurationList = 1DEB922208733DC00010E9CD /* Build configuration list for PBXProject "keylime" */;
			compatibilityVersion = "Xcode 3.2";
			developmentRegion = English;
			hasScannedForEncodings = 1;
			knownRegions = (
				English,
				Japanese,
				French,
				German,
				en,
			);
			mainGroup = 0867D691FE84028FC02AAC07 /* keylime */;
			productRefGroup = 034768DFFF38A50411DB9C8B /* Products */;
			projectDirPath = "";
			projectRoot = "";
			targets = (
				D2AAC07D0554694100DB518D /* keylime */,
				131BFD4A162C912700FF52C6 /* keylime-example */,
			);
		};
/* End PBXProject section */

/* Begin PBXResourcesBuildPhase section */
		131BFD49162C912700FF52C6 /* Resources */ = {
			isa = PBXResourcesBuildPhase;
			buildActionMask = 2147483647;
			files = (
				131BFD58162C912700FF52C6 /* InfoPlist.strings in Resources */,
				131BFD60162C912700FF52C6 /* Default.png in Resources */,
				131BFD62162C912700FF52C6 /* Default@2x.png in Resources */,
				131BFD64162C912700FF52C6 /* Default-568h@2x.png in Resources */,
				133802FA162CA45C008F63B0 /* RootViewController.xib in Resources */,
			);
			runOnlyForDeploymentPostprocessing = 0;
		};
/* End PBXResourcesBuildPhase section */

/* Begin PBXSourcesBuildPhase section */
		131BFD47162C912700FF52C6 /* Sources */ = {
			isa = PBXSourcesBuildPhase;
			buildActionMask = 2147483647;
			files = (
				131BFD5A162C912700FF52C6 /* main.m in Sources */,
				131BFD5E162C912700FF52C6 /* KLAppDelegate.m in Sources */,
				131BFD67162C912700FF52C6 /* keylime_example.xcdatamodeld in Sources */,
				131BFD8F162C9E4500FF52C6 /* BaseViewController.m in Sources */,
				133802F9162CA45C008F63B0 /* RootViewController.m in Sources */,
			);
			runOnlyForDeploymentPostprocessing = 0;
		};
		D2AAC07B0554694100DB518D /* Sources */ = {
			isa = PBXSourcesBuildPhase;
			buildActionMask = 2147483647;
			files = (
				1389D7BD12AC390C004602FF /* NSStringNSNullHelper.m in Sources */,
				1389D7BF12AC390C004602FF /* NSStringKLExtensions.m in Sources */,
				1389D7F612AC4093004602FF /* KLRefreshTableHeaderView.m in Sources */,
				1389D7FD12AC40AF004602FF /* WebServiceConnector.m in Sources */,
				1389D80A12AC40CF004602FF /* KLViewController.m in Sources */,
				1389D80C12AC40CF004602FF /* LocationViewController.m in Sources */,
				1389D80E12AC40CF004602FF /* KLWebViewController.m in Sources */,
				1389D81612AC4131004602FF /* AlertUtility.m in Sources */,
				138CB3DF12BAA27300DF8EF4 /* UIImageKLExtensions.m in Sources */,
				137B64AB1337ABB4001459F8 /* KLTableViewCell.m in Sources */,
				137B64B01337AC37001459F8 /* KLTableData.m in Sources */,
				137B64B51337AC75001459F8 /* UITableViewCellHelper.m in Sources */,
				137B64BA1337AC89001459F8 /* UIViewHelpers.m in Sources */,
				137B64BF1337ACBE001459F8 /* NSNumberNSNullHelper.m in Sources */,
				1310B21C1337DDA200495B90 /* KLFetchedResultsSearchData.m in Sources */,
				135FE114133A3D4D00359621 /* NSManagedObjectHelpers.m in Sources */,
				135FE172133A6C6800359621 /* KLURLCache.m in Sources */,
				135FE176133A729900359621 /* KLURLCacheConnection.m in Sources */,
				135FE193133A7C5D00359621 /* KLImageView.m in Sources */,
				135FE197133A9B9A00359621 /* NSString+MD5.m in Sources */,
				135FE1CE133D0AB800359621 /* UIColor+HexRGB.m in Sources */,
				131ABD811474078300E7B790 /* NSObject+NSObject_DynamicTableViewCells.m in Sources */,
				131865341487C9AA002BB140 /* NSDate+KLExtensions.m in Sources */,
				13339C5C157E94E200F7B990 /* KLAction.m in Sources */,
			);
			runOnlyForDeploymentPostprocessing = 0;
		};
/* End PBXSourcesBuildPhase section */

/* Begin PBXTargetDependency section */
		131BFD87162C914A00FF52C6 /* PBXTargetDependency */ = {
			isa = PBXTargetDependency;
			target = D2AAC07D0554694100DB518D /* keylime */;
			targetProxy = 131BFD86162C914A00FF52C6 /* PBXContainerItemProxy */;
		};
/* End PBXTargetDependency section */

/* Begin PBXVariantGroup section */
		131BFD56162C912700FF52C6 /* InfoPlist.strings */ = {
			isa = PBXVariantGroup;
			children = (
				131BFD57162C912700FF52C6 /* en */,
			);
			name = InfoPlist.strings;
			sourceTree = "<group>";
		};
/* End PBXVariantGroup section */

/* Begin XCBuildConfiguration section */
		131BFD7E162C912800FF52C6 /* Debug */ = {
			isa = XCBuildConfiguration;
			buildSettings = {
				ALWAYS_SEARCH_USER_PATHS = NO;
				CLANG_CXX_LANGUAGE_STANDARD = "gnu++0x";
				CLANG_CXX_LIBRARY = "libc++";
				CLANG_ENABLE_OBJC_ARC = YES;
				CLANG_WARN_EMPTY_BODY = YES;
				CLANG_WARN__DUPLICATE_METHOD_MATCH = YES;
				"CODE_SIGN_IDENTITY[sdk=iphoneos*]" = "iPhone Developer";
				COPY_PHASE_STRIP = NO;
				GCC_C_LANGUAGE_STANDARD = gnu99;
				GCC_DYNAMIC_NO_PIC = NO;
				GCC_PRECOMPILE_PREFIX_HEADER = YES;
				GCC_PREFIX_HEADER = "keylime-example/keylime-example-Prefix.pch";
				GCC_PREPROCESSOR_DEFINITIONS = (
					"DEBUG=1",
					"$(inherited)",
				);
				GCC_SYMBOLS_PRIVATE_EXTERN = NO;
				GCC_WARN_UNINITIALIZED_AUTOS = YES;
				INFOPLIST_FILE = "keylime-example/keylime-example-Info.plist";
				IPHONEOS_DEPLOYMENT_TARGET = 6.0;
				ONLY_ACTIVE_ARCH = YES;
				PRODUCT_NAME = "$(TARGET_NAME)";
				TARGETED_DEVICE_FAMILY = "1,2";
				WRAPPER_EXTENSION = app;
			};
			name = Debug;
		};
		131BFD7F162C912800FF52C6 /* Release */ = {
			isa = XCBuildConfiguration;
			buildSettings = {
				ALWAYS_SEARCH_USER_PATHS = NO;
				CLANG_CXX_LANGUAGE_STANDARD = "gnu++0x";
				CLANG_CXX_LIBRARY = "libc++";
				CLANG_ENABLE_OBJC_ARC = YES;
				CLANG_WARN_EMPTY_BODY = YES;
				CLANG_WARN__DUPLICATE_METHOD_MATCH = YES;
				"CODE_SIGN_IDENTITY[sdk=iphoneos*]" = "iPhone Developer";
				COPY_PHASE_STRIP = YES;
				GCC_C_LANGUAGE_STANDARD = gnu99;
				GCC_PRECOMPILE_PREFIX_HEADER = YES;
				GCC_PREFIX_HEADER = "keylime-example/keylime-example-Prefix.pch";
				GCC_WARN_UNINITIALIZED_AUTOS = YES;
				INFOPLIST_FILE = "keylime-example/keylime-example-Info.plist";
				IPHONEOS_DEPLOYMENT_TARGET = 6.0;
				OTHER_CFLAGS = "-DNS_BLOCK_ASSERTIONS=1";
				PRODUCT_NAME = "$(TARGET_NAME)";
				TARGETED_DEVICE_FAMILY = "1,2";
				VALIDATE_PRODUCT = YES;
				WRAPPER_EXTENSION = app;
			};
			name = Release;
		};
		131BFD80162C912800FF52C6 /* Distribution */ = {
			isa = XCBuildConfiguration;
			buildSettings = {
				ALWAYS_SEARCH_USER_PATHS = NO;
				CLANG_CXX_LANGUAGE_STANDARD = "gnu++0x";
				CLANG_CXX_LIBRARY = "libc++";
				CLANG_ENABLE_OBJC_ARC = YES;
				CLANG_WARN_EMPTY_BODY = YES;
				CLANG_WARN__DUPLICATE_METHOD_MATCH = YES;
				"CODE_SIGN_IDENTITY[sdk=iphoneos*]" = "iPhone Developer";
				COPY_PHASE_STRIP = YES;
				GCC_C_LANGUAGE_STANDARD = gnu99;
				GCC_PRECOMPILE_PREFIX_HEADER = YES;
				GCC_PREFIX_HEADER = "keylime-example/keylime-example-Prefix.pch";
				GCC_WARN_UNINITIALIZED_AUTOS = YES;
				INFOPLIST_FILE = "keylime-example/keylime-example-Info.plist";
				IPHONEOS_DEPLOYMENT_TARGET = 6.0;
				OTHER_CFLAGS = "-DNS_BLOCK_ASSERTIONS=1";
				PRODUCT_NAME = "$(TARGET_NAME)";
				TARGETED_DEVICE_FAMILY = "1,2";
				VALIDATE_PRODUCT = YES;
				WRAPPER_EXTENSION = app;
			};
			name = Distribution;
		};
		13EB660C136521F000E6D4D5 /* Distribution */ = {
			isa = XCBuildConfiguration;
			buildSettings = {
				ARCHS = "$(ARCHS_STANDARD_32_BIT)";
				GCC_C_LANGUAGE_STANDARD = c99;
				GCC_WARN_ABOUT_RETURN_TYPE = YES;
				GCC_WARN_UNUSED_VARIABLE = YES;
				IPHONEOS_DEPLOYMENT_TARGET = 4.0;
				OTHER_LDFLAGS = "-ObjC";
				SDKROOT = iphoneos;
				SKIP_INSTALL = YES;
			};
			name = Distribution;
		};
		13EB660D136521F000E6D4D5 /* Distribution */ = {
			isa = XCBuildConfiguration;
			buildSettings = {
				ALWAYS_SEARCH_USER_PATHS = NO;
				ARCHS = "$(ARCHS_STANDARD_32_BIT)";
				CLANG_ENABLE_OBJC_ARC = YES;
				DSTROOT = /tmp/keylime.dst;
				GCC_MODEL_TUNING = G5;
				GCC_PRECOMPILE_PREFIX_HEADER = YES;
				GCC_PREFIX_HEADER = keylime_Prefix.pch;
				GCC_PREPROCESSOR_DEFINITIONS = "DEBUG=1";
				GCC_VERSION = com.apple.compilers.llvm.clang.1_0;
				INSTALL_PATH = /usr/local/lib;
				PRODUCT_NAME = keylime;
			};
			name = Distribution;
		};
		1DEB921F08733DC00010E9CD /* Debug */ = {
			isa = XCBuildConfiguration;
			buildSettings = {
				ALWAYS_SEARCH_USER_PATHS = NO;
				ARCHS = "$(ARCHS_STANDARD_32_BIT)";
				CLANG_ENABLE_OBJC_ARC = YES;
				COPY_PHASE_STRIP = NO;
				DSTROOT = /tmp/keylime.dst;
				GCC_DYNAMIC_NO_PIC = NO;
				GCC_MODEL_TUNING = G5;
				GCC_OPTIMIZATION_LEVEL = 0;
				GCC_PRECOMPILE_PREFIX_HEADER = YES;
				GCC_PREFIX_HEADER = keylime_Prefix.pch;
				GCC_PREPROCESSOR_DEFINITIONS = "DEBUG=1";
				GCC_VERSION = com.apple.compilers.llvm.clang.1_0;
				INSTALL_PATH = /usr/local/lib;
				PRODUCT_NAME = keylime;
				SKIP_INSTALL = YES;
			};
			name = Debug;
		};
		1DEB922008733DC00010E9CD /* Release */ = {
			isa = XCBuildConfiguration;
			buildSettings = {
				ALWAYS_SEARCH_USER_PATHS = NO;
				ARCHS = "$(ARCHS_STANDARD_32_BIT)";
				CLANG_ENABLE_OBJC_ARC = YES;
				DSTROOT = /tmp/keylime.dst;
				GCC_MODEL_TUNING = G5;
				GCC_PRECOMPILE_PREFIX_HEADER = YES;
				GCC_PREFIX_HEADER = keylime_Prefix.pch;
				GCC_PREPROCESSOR_DEFINITIONS = "DEBUG=1";
				GCC_VERSION = com.apple.compilers.llvm.clang.1_0;
				INSTALL_PATH = /usr/local/lib;
				PRODUCT_NAME = keylime;
				SKIP_INSTALL = YES;
			};
			name = Release;
		};
		1DEB922308733DC00010E9CD /* Debug */ = {
			isa = XCBuildConfiguration;
			buildSettings = {
				ARCHS = "$(ARCHS_STANDARD_32_BIT)";
				GCC_C_LANGUAGE_STANDARD = c99;
				GCC_OPTIMIZATION_LEVEL = 0;
				GCC_PREPROCESSOR_DEFINITIONS = "";
				GCC_WARN_ABOUT_RETURN_TYPE = YES;
				GCC_WARN_UNUSED_VARIABLE = YES;
				IPHONEOS_DEPLOYMENT_TARGET = 4.0;
				OTHER_LDFLAGS = "-ObjC";
				SDKROOT = iphoneos;
				SKIP_INSTALL = NO;
			};
			name = Debug;
		};
		1DEB922408733DC00010E9CD /* Release */ = {
			isa = XCBuildConfiguration;
			buildSettings = {
				ARCHS = "$(ARCHS_STANDARD_32_BIT)";
				GCC_C_LANGUAGE_STANDARD = c99;
				GCC_WARN_ABOUT_RETURN_TYPE = YES;
				GCC_WARN_UNUSED_VARIABLE = YES;
				IPHONEOS_DEPLOYMENT_TARGET = 4.0;
				OTHER_LDFLAGS = "-ObjC";
				SDKROOT = iphoneos;
				SKIP_INSTALL = NO;
			};
			name = Release;
		};
/* End XCBuildConfiguration section */

/* Begin XCConfigurationList section */
		131BFD84162C912800FF52C6 /* Build configuration list for PBXNativeTarget "keylime-example" */ = {
			isa = XCConfigurationList;
			buildConfigurations = (
				131BFD7E162C912800FF52C6 /* Debug */,
				131BFD7F162C912800FF52C6 /* Release */,
				131BFD80162C912800FF52C6 /* Distribution */,
			);
			defaultConfigurationIsVisible = 0;
			defaultConfigurationName = Release;
		};
		1DEB921E08733DC00010E9CD /* Build configuration list for PBXNativeTarget "keylime" */ = {
			isa = XCConfigurationList;
			buildConfigurations = (
				1DEB921F08733DC00010E9CD /* Debug */,
				1DEB922008733DC00010E9CD /* Release */,
				13EB660D136521F000E6D4D5 /* Distribution */,
			);
			defaultConfigurationIsVisible = 0;
			defaultConfigurationName = Release;
		};
		1DEB922208733DC00010E9CD /* Build configuration list for PBXProject "keylime" */ = {
			isa = XCConfigurationList;
			buildConfigurations = (
				1DEB922308733DC00010E9CD /* Debug */,
				1DEB922408733DC00010E9CD /* Release */,
				13EB660C136521F000E6D4D5 /* Distribution */,
			);
			defaultConfigurationIsVisible = 0;
			defaultConfigurationName = Release;
		};
/* End XCConfigurationList section */

/* Begin XCVersionGroup section */
		131BFD65162C912700FF52C6 /* keylime_example.xcdatamodeld */ = {
			isa = XCVersionGroup;
			children = (
				131BFD66162C912700FF52C6 /* keylime_example.xcdatamodel */,
			);
			currentVersion = 131BFD66162C912700FF52C6 /* keylime_example.xcdatamodel */;
			path = keylime_example.xcdatamodeld;
			sourceTree = "<group>";
			versionGroupType = wrapper.xcdatamodel;
		};
/* End XCVersionGroup section */
	};
	rootObject = 0867D690FE84028FC02AAC07 /* Project object */;
}
